PODS:
  - DeclarativeTVC (1.0.10):
    - DifferenceKit
  - DifferenceKit (1.1.4):
    - DifferenceKit/Core (= 1.1.4)
    - DifferenceKit/UIKitExtension (= 1.1.4)
  - DifferenceKit/Core (1.1.4)
  - DifferenceKit/UIKitExtension (1.1.4):
    - DifferenceKit/Core
  - DITranquillity (3.9.2):
    - SwiftLazy
  - RedSwift (1.0.10)
  - SwiftLazy (1.1.3)

DEPENDENCIES:
  - DeclarativeTVC
  - DITranquillity
  - RedSwift

SPEC REPOS:
  https://github.com/CocoaPods/Specs.git:
    - DeclarativeTVC
    - DifferenceKit
    - DITranquillity
    - RedSwift
    - SwiftLazy

SPEC CHECKSUMS:
  DeclarativeTVC: 7cf462ee6ec869325457ac904dc0bf34311892b8
  DifferenceKit: d7e8a7edd2ae706f1e1f05c8103d4cf858e04b78
  DITranquillity: d07c05a93de108d84c27cf011594fc897b0bff03
  RedSwift: 36cefc62f429f7ce7db39d485aa75834631c7cb5
  SwiftLazy: 7ace993ccc9e1773ddf3a7bb309ed0182f469366

PODFILE CHECKSUM: f801ffe31c9c8e4b54fa010b491ef6df6dc4f9d5

COCOAPODS: 1.8.4
