// !$*UTF8*$!
{
	archiveVersion = 1;
	classes = {
	};
	objectVersion = 46;
	objects = {

/* Begin PBXAggregateTarget section */
		"ReduxVM::ReduxVMPackageTests::ProductTarget" /* ReduxVMPackageTests */ = {
			isa = PBXAggregateTarget;
			buildConfigurationList = OBJ_180 /* Build configuration list for PBXAggregateTarget "ReduxVMPackageTests" */;
			buildPhases = (
			);
			dependencies = (
				OBJ_183 /* PBXTargetDependency */,
			);
			name = ReduxVMPackageTests;
			productName = ReduxVMPackageTests;
		};
/* End PBXAggregateTarget section */

/* Begin PBXBuildFile section */
		42270F9D1A0490DD51F0C9D6 /* Pods_SwiftUITarget.framework in Frameworks */ = {isa = PBXBuildFile; fileRef = E9D22406DE58054979D58035 /* Pods_SwiftUITarget.framework */; };
		C32606E425701A23000405B6 /* AppDelegate.swift in Sources */ = {isa = PBXBuildFile; fileRef = C32606E325701A23000405B6 /* AppDelegate.swift */; };
		C32606E625701A23000405B6 /* SceneDelegate.swift in Sources */ = {isa = PBXBuildFile; fileRef = C32606E525701A23000405B6 /* SceneDelegate.swift */; };
		C32606E825701A23000405B6 /* ViewController.swift in Sources */ = {isa = PBXBuildFile; fileRef = C32606E725701A23000405B6 /* ViewController.swift */; };
		C32606EB25701A23000405B6 /* Main.storyboard in Resources */ = {isa = PBXBuildFile; fileRef = C32606E925701A23000405B6 /* Main.storyboard */; };
		C32606ED25701A24000405B6 /* Assets.xcassets in Resources */ = {isa = PBXBuildFile; fileRef = C32606EC25701A24000405B6 /* Assets.xcassets */; };
		C32606F025701A24000405B6 /* LaunchScreen.storyboard in Resources */ = {isa = PBXBuildFile; fileRef = C32606EE25701A24000405B6 /* LaunchScreen.storyboard */; };
		C326070725701A40000405B6 /* SwiftUITargetApp.swift in Sources */ = {isa = PBXBuildFile; fileRef = C326070625701A40000405B6 /* SwiftUITargetApp.swift */; };
		C326070B25701A40000405B6 /* Assets.xcassets in Resources */ = {isa = PBXBuildFile; fileRef = C326070A25701A40000405B6 /* Assets.xcassets */; };
		C326070E25701A40000405B6 /* Preview Assets.xcassets in Resources */ = {isa = PBXBuildFile; fileRef = C326070D25701A40000405B6 /* Preview Assets.xcassets */; };
		C326075B25701ACC000405B6 /* ReduxVM.framework in Frameworks */ = {isa = PBXBuildFile; fileRef = "ReduxVM::ReduxVM::Product" /* ReduxVM.framework */; };
		C326075C25701ACC000405B6 /* ReduxVM.framework in Embed Frameworks */ = {isa = PBXBuildFile; fileRef = "ReduxVM::ReduxVM::Product" /* ReduxVM.framework */; settings = {ATTRIBUTES = (CodeSignOnCopy, RemoveHeadersOnCopy, ); }; };
		C326079725701B89000405B6 /* CounterState.swift in Sources */ = {isa = PBXBuildFile; fileRef = C326078B25701B89000405B6 /* CounterState.swift */; };
		C326079825701B89000405B6 /* ChildVC.swift in Sources */ = {isa = PBXBuildFile; fileRef = C326078C25701B89000405B6 /* ChildVC.swift */; };
		C326079925701B89000405B6 /* SceneDelegate.swift in Sources */ = {isa = PBXBuildFile; fileRef = C326078D25701B89000405B6 /* SceneDelegate.swift */; };
		C326079A25701B89000405B6 /* TestStore.swift in Sources */ = {isa = PBXBuildFile; fileRef = C326078E25701B89000405B6 /* TestStore.swift */; };
		C326079B25701B89000405B6 /* ApiService.swift in Sources */ = {isa = PBXBuildFile; fileRef = C326078F25701B89000405B6 /* ApiService.swift */; };
		C326079C25701B89000405B6 /* MenuTVC.swift in Sources */ = {isa = PBXBuildFile; fileRef = C326079025701B89000405B6 /* MenuTVC.swift */; };
		C326079D25701B89000405B6 /* Router.swift in Sources */ = {isa = PBXBuildFile; fileRef = C326079125701B89000405B6 /* Router.swift */; };
		C326079E25701B89000405B6 /* UIColor+.swift in Sources */ = {isa = PBXBuildFile; fileRef = C326079225701B89000405B6 /* UIColor+.swift */; };
		C326079F25701B89000405B6 /* BaseWithProps.swift in Sources */ = {isa = PBXBuildFile; fileRef = C326079325701B89000405B6 /* BaseWithProps.swift */; };
		C32607A025701B89000405B6 /* BaseVC.swift in Sources */ = {isa = PBXBuildFile; fileRef = C326079425701B89000405B6 /* BaseVC.swift */; };
		C32607BD25701CCA000405B6 /* ApiInteractor.swift in Sources */ = {isa = PBXBuildFile; fileRef = C32607B825701CCA000405B6 /* ApiInteractor.swift */; };
		C32607BE25701CCA000405B6 /* TestView2.swift in Sources */ = {isa = PBXBuildFile; fileRef = C32607B925701CCA000405B6 /* TestView2.swift */; };
		C32607BF25701CCA000405B6 /* TestView.swift in Sources */ = {isa = PBXBuildFile; fileRef = C32607BA25701CCA000405B6 /* TestView.swift */; };
		C32607C025701CCA000405B6 /* CounterState.swift in Sources */ = {isa = PBXBuildFile; fileRef = C32607BB25701CCA000405B6 /* CounterState.swift */; };
		C32607C125701CCA000405B6 /* TestStore.swift in Sources */ = {isa = PBXBuildFile; fileRef = C32607BC25701CCA000405B6 /* TestStore.swift */; };
		C32607DC25701CFA000405B6 /* ReduxVM.framework in Frameworks */ = {isa = PBXBuildFile; fileRef = "ReduxVM::ReduxVM::Product" /* ReduxVM.framework */; };
		C32607DD25701CFA000405B6 /* ReduxVM.framework in Embed Frameworks */ = {isa = PBXBuildFile; fileRef = "ReduxVM::ReduxVM::Product" /* ReduxVM.framework */; settings = {ATTRIBUTES = (CodeSignOnCopy, RemoveHeadersOnCopy, ); }; };
		C3DF38A5259FFF5A00182A07 /* GraphPresenter.swift in Sources */ = {isa = PBXBuildFile; fileRef = C3DF38A4259FFF5A00182A07 /* GraphPresenter.swift */; };
		E882496DA5A250BC39194586 /* Pods_Example.framework in Frameworks */ = {isa = PBXBuildFile; fileRef = 3621D2D904C2962625B937DF /* Pods_Example.framework */; };
		OBJ_100 /* DifferenceKit.framework in Frameworks */ = {isa = PBXBuildFile; fileRef = "DifferenceKit::DifferenceKit::Product" /* DifferenceKit.framework */; };
		OBJ_108 /* Package.swift in Sources */ = {isa = PBXBuildFile; fileRef = OBJ_53 /* Package.swift */; };
		OBJ_113 /* Algorithm.swift in Sources */ = {isa = PBXBuildFile; fileRef = OBJ_56 /* Algorithm.swift */; };
		OBJ_114 /* AnyDifferentiable.swift in Sources */ = {isa = PBXBuildFile; fileRef = OBJ_57 /* AnyDifferentiable.swift */; };
		OBJ_115 /* ArraySection.swift in Sources */ = {isa = PBXBuildFile; fileRef = OBJ_58 /* ArraySection.swift */; };
		OBJ_116 /* Changeset.swift in Sources */ = {isa = PBXBuildFile; fileRef = OBJ_59 /* Changeset.swift */; };
		OBJ_117 /* ContentEquatable.swift in Sources */ = {isa = PBXBuildFile; fileRef = OBJ_60 /* ContentEquatable.swift */; };
		OBJ_118 /* ContentIdentifiable.swift in Sources */ = {isa = PBXBuildFile; fileRef = OBJ_61 /* ContentIdentifiable.swift */; };
		OBJ_119 /* Differentiable.swift in Sources */ = {isa = PBXBuildFile; fileRef = OBJ_62 /* Differentiable.swift */; };
		OBJ_120 /* DifferentiableSection.swift in Sources */ = {isa = PBXBuildFile; fileRef = OBJ_63 /* DifferentiableSection.swift */; };
		OBJ_121 /* ElementPath.swift in Sources */ = {isa = PBXBuildFile; fileRef = OBJ_64 /* ElementPath.swift */; };
		OBJ_122 /* AppKitExtension.swift in Sources */ = {isa = PBXBuildFile; fileRef = OBJ_66 /* AppKitExtension.swift */; };
		OBJ_123 /* UIKitExtension.swift in Sources */ = {isa = PBXBuildFile; fileRef = OBJ_67 /* UIKitExtension.swift */; };
		OBJ_124 /* StagedChangeset.swift in Sources */ = {isa = PBXBuildFile; fileRef = OBJ_68 /* StagedChangeset.swift */; };
		OBJ_131 /* Package.swift in Sources */ = {isa = PBXBuildFile; fileRef = OBJ_55 /* Package.swift */; };
		OBJ_137 /* Action.swift in Sources */ = {isa = PBXBuildFile; fileRef = OBJ_22 /* Action.swift */; };
		OBJ_138 /* Interactor.swift in Sources */ = {isa = PBXBuildFile; fileRef = OBJ_23 /* Interactor.swift */; };
		OBJ_139 /* Middleware.swift in Sources */ = {isa = PBXBuildFile; fileRef = OBJ_24 /* Middleware.swift */; };
		OBJ_140 /* SideEffects.swift in Sources */ = {isa = PBXBuildFile; fileRef = OBJ_25 /* SideEffects.swift */; };
		OBJ_141 /* State.swift in Sources */ = {isa = PBXBuildFile; fileRef = OBJ_26 /* State.swift */; };
		OBJ_142 /* Store.swift in Sources */ = {isa = PBXBuildFile; fileRef = OBJ_27 /* Store.swift */; };
		OBJ_143 /* StoreSubscriber.swift in Sources */ = {isa = PBXBuildFile; fileRef = OBJ_28 /* StoreSubscriber.swift */; };
		OBJ_144 /* Subscription.swift in Sources */ = {isa = PBXBuildFile; fileRef = OBJ_29 /* Subscription.swift */; };
		OBJ_145 /* Assertions.swift in Sources */ = {isa = PBXBuildFile; fileRef = OBJ_31 /* Assertions.swift */; };
		OBJ_146 /* Coding.swift in Sources */ = {isa = PBXBuildFile; fileRef = OBJ_32 /* Coding.swift */; };
		OBJ_147 /* TypeHelper.swift in Sources */ = {isa = PBXBuildFile; fileRef = OBJ_33 /* TypeHelper.swift */; };
		OBJ_154 /* Package.swift in Sources */ = {isa = PBXBuildFile; fileRef = OBJ_34 /* Package.swift */; };
		OBJ_160 /* CVC.swift in Sources */ = {isa = PBXBuildFile; fileRef = OBJ_9 /* CVC.swift */; };
		OBJ_161 /* Presenter.swift in Sources */ = {isa = PBXBuildFile; fileRef = OBJ_10 /* Presenter.swift */; };
		OBJ_162 /* ReduxVMSettings.swift in Sources */ = {isa = PBXBuildFile; fileRef = OBJ_11 /* ReduxVMSettings.swift */; };
		OBJ_163 /* SwiftUIPresenter.swift in Sources */ = {isa = PBXBuildFile; fileRef = OBJ_12 /* SwiftUIPresenter.swift */; };
		OBJ_164 /* TVC.swift in Sources */ = {isa = PBXBuildFile; fileRef = OBJ_13 /* TVC.swift */; };
		OBJ_165 /* VC.swift in Sources */ = {isa = PBXBuildFile; fileRef = OBJ_14 /* VC.swift */; };
		OBJ_167 /* RedSwift.framework in Frameworks */ = {isa = PBXBuildFile; fileRef = "RedSwift::RedSwift::Product" /* RedSwift.framework */; };
		OBJ_168 /* DeclarativeTVC.framework in Frameworks */ = {isa = PBXBuildFile; fileRef = "DeclarativeTVC::DeclarativeTVC::Product" /* DeclarativeTVC.framework */; };
		OBJ_169 /* DifferenceKit.framework in Frameworks */ = {isa = PBXBuildFile; fileRef = "DifferenceKit::DifferenceKit::Product" /* DifferenceKit.framework */; };
		OBJ_178 /* Package.swift in Sources */ = {isa = PBXBuildFile; fileRef = OBJ_6 /* Package.swift */; };
		OBJ_189 /* ReduxVMTests.swift in Sources */ = {isa = PBXBuildFile; fileRef = OBJ_17 /* ReduxVMTests.swift */; };
		OBJ_190 /* XCTestManifests.swift in Sources */ = {isa = PBXBuildFile; fileRef = OBJ_18 /* XCTestManifests.swift */; };
		OBJ_192 /* ReduxVM.framework in Frameworks */ = {isa = PBXBuildFile; fileRef = "ReduxVM::ReduxVM::Product" /* ReduxVM.framework */; };
		OBJ_193 /* RedSwift.framework in Frameworks */ = {isa = PBXBuildFile; fileRef = "RedSwift::RedSwift::Product" /* RedSwift.framework */; };
		OBJ_194 /* DeclarativeTVC.framework in Frameworks */ = {isa = PBXBuildFile; fileRef = "DeclarativeTVC::DeclarativeTVC::Product" /* DeclarativeTVC.framework */; };
		OBJ_195 /* DifferenceKit.framework in Frameworks */ = {isa = PBXBuildFile; fileRef = "DifferenceKit::DifferenceKit::Product" /* DifferenceKit.framework */; };
		OBJ_86 /* CellModel.swift in Sources */ = {isa = PBXBuildFile; fileRef = OBJ_38 /* CellModel.swift */; };
		OBJ_87 /* Command.swift in Sources */ = {isa = PBXBuildFile; fileRef = OBJ_39 /* Command.swift */; };
		OBJ_88 /* SelectableCell.swift in Sources */ = {isa = PBXBuildFile; fileRef = OBJ_40 /* SelectableCell.swift */; };
		OBJ_89 /* CollectionDS.swift in Sources */ = {isa = PBXBuildFile; fileRef = OBJ_42 /* CollectionDS.swift */; };
		OBJ_90 /* CollectionModel.swift in Sources */ = {isa = PBXBuildFile; fileRef = OBJ_43 /* CollectionModel.swift */; };
		OBJ_91 /* DeclarativeCVC.swift in Sources */ = {isa = PBXBuildFile; fileRef = OBJ_44 /* DeclarativeCVC.swift */; };
		OBJ_92 /* DeclarativeTVC+Animations.swift in Sources */ = {isa = PBXBuildFile; fileRef = OBJ_46 /* DeclarativeTVC+Animations.swift */; };
		OBJ_93 /* DeclarativeTVC.swift in Sources */ = {isa = PBXBuildFile; fileRef = OBJ_47 /* DeclarativeTVC.swift */; };
		OBJ_94 /* TableDS.swift in Sources */ = {isa = PBXBuildFile; fileRef = OBJ_48 /* TableDS.swift */; };
		OBJ_95 /* TableFooterModel.swift in Sources */ = {isa = PBXBuildFile; fileRef = OBJ_49 /* TableFooterModel.swift */; };
		OBJ_96 /* TableHeaderModel.swift in Sources */ = {isa = PBXBuildFile; fileRef = OBJ_50 /* TableHeaderModel.swift */; };
		OBJ_97 /* TableModel.swift in Sources */ = {isa = PBXBuildFile; fileRef = OBJ_51 /* TableModel.swift */; };
		OBJ_98 /* UITableView+.swift in Sources */ = {isa = PBXBuildFile; fileRef = OBJ_52 /* UITableView+.swift */; };
/* End PBXBuildFile section */

/* Begin PBXContainerItemProxy section */
		C32606C0257019CD000405B6 /* PBXContainerItemProxy */ = {
			isa = PBXContainerItemProxy;
			containerPortal = OBJ_1 /* Project object */;
			proxyType = 1;
			remoteGlobalIDString = "RedSwift::RedSwift";
			remoteInfo = RedSwift;
		};
		C32606C1257019CD000405B6 /* PBXContainerItemProxy */ = {
			isa = PBXContainerItemProxy;
			containerPortal = OBJ_1 /* Project object */;
			proxyType = 1;
			remoteGlobalIDString = "DeclarativeTVC::DeclarativeTVC";
			remoteInfo = DeclarativeTVC;
		};
		C32606C2257019CD000405B6 /* PBXContainerItemProxy */ = {
			isa = PBXContainerItemProxy;
			containerPortal = OBJ_1 /* Project object */;
			proxyType = 1;
			remoteGlobalIDString = "DifferenceKit::DifferenceKit";
			remoteInfo = DifferenceKit;
		};
		C32606C3257019CD000405B6 /* PBXContainerItemProxy */ = {
			isa = PBXContainerItemProxy;
			containerPortal = OBJ_1 /* Project object */;
			proxyType = 1;
			remoteGlobalIDString = "DifferenceKit::DifferenceKit";
			remoteInfo = DifferenceKit;
		};
		C32606C4257019CE000405B6 /* PBXContainerItemProxy */ = {
			isa = PBXContainerItemProxy;
			containerPortal = OBJ_1 /* Project object */;
			proxyType = 1;
			remoteGlobalIDString = "ReduxVM::ReduxVM";
			remoteInfo = ReduxVM;
		};
		C32606C5257019CE000405B6 /* PBXContainerItemProxy */ = {
			isa = PBXContainerItemProxy;
			containerPortal = OBJ_1 /* Project object */;
			proxyType = 1;
			remoteGlobalIDString = "RedSwift::RedSwift";
			remoteInfo = RedSwift;
		};
		C32606C6257019CE000405B6 /* PBXContainerItemProxy */ = {
			isa = PBXContainerItemProxy;
			containerPortal = OBJ_1 /* Project object */;
			proxyType = 1;
			remoteGlobalIDString = "DeclarativeTVC::DeclarativeTVC";
			remoteInfo = DeclarativeTVC;
		};
		C32606C7257019CE000405B6 /* PBXContainerItemProxy */ = {
			isa = PBXContainerItemProxy;
			containerPortal = OBJ_1 /* Project object */;
			proxyType = 1;
			remoteGlobalIDString = "DifferenceKit::DifferenceKit";
			remoteInfo = DifferenceKit;
		};
		C32606D0257019CF000405B6 /* PBXContainerItemProxy */ = {
			isa = PBXContainerItemProxy;
			containerPortal = OBJ_1 /* Project object */;
			proxyType = 1;
			remoteGlobalIDString = "ReduxVM::ReduxVMTests";
			remoteInfo = ReduxVMTests;
		};
		C326075D25701ACD000405B6 /* PBXContainerItemProxy */ = {
			isa = PBXContainerItemProxy;
			containerPortal = OBJ_1 /* Project object */;
			proxyType = 1;
			remoteGlobalIDString = "ReduxVM::ReduxVM";
			remoteInfo = ReduxVM;
		};
		C32607DE25701CFA000405B6 /* PBXContainerItemProxy */ = {
			isa = PBXContainerItemProxy;
			containerPortal = OBJ_1 /* Project object */;
			proxyType = 1;
			remoteGlobalIDString = "ReduxVM::ReduxVM";
			remoteInfo = ReduxVM;
		};
/* End PBXContainerItemProxy section */

/* Begin PBXCopyFilesBuildPhase section */
		C326075F25701ACD000405B6 /* Embed Frameworks */ = {
			isa = PBXCopyFilesBuildPhase;
			buildActionMask = 2147483647;
			dstPath = "";
			dstSubfolderSpec = 10;
			files = (
				C326075C25701ACC000405B6 /* ReduxVM.framework in Embed Frameworks */,
			);
			name = "Embed Frameworks";
			runOnlyForDeploymentPostprocessing = 0;
		};
		C32607E025701CFA000405B6 /* Embed Frameworks */ = {
			isa = PBXCopyFilesBuildPhase;
			buildActionMask = 2147483647;
			dstPath = "";
			dstSubfolderSpec = 10;
			files = (
				C32607DD25701CFA000405B6 /* ReduxVM.framework in Embed Frameworks */,
			);
			name = "Embed Frameworks";
			runOnlyForDeploymentPostprocessing = 0;
		};
/* End PBXCopyFilesBuildPhase section */

/* Begin PBXFileReference section */
		3621D2D904C2962625B937DF /* Pods_Example.framework */ = {isa = PBXFileReference; explicitFileType = wrapper.framework; includeInIndex = 0; path = Pods_Example.framework; sourceTree = BUILT_PRODUCTS_DIR; };
		4A074B9FE8FB19A39C8E5772 /* Pods-Example.release.xcconfig */ = {isa = PBXFileReference; includeInIndex = 1; lastKnownFileType = text.xcconfig; name = "Pods-Example.release.xcconfig"; path = "Target Support Files/Pods-Example/Pods-Example.release.xcconfig"; sourceTree = "<group>"; };
		6BACA3F23D92025FD7FE6D89 /* Pods-SwiftUITarget.debug.xcconfig */ = {isa = PBXFileReference; includeInIndex = 1; lastKnownFileType = text.xcconfig; name = "Pods-SwiftUITarget.debug.xcconfig"; path = "Target Support Files/Pods-SwiftUITarget/Pods-SwiftUITarget.debug.xcconfig"; sourceTree = "<group>"; };
		920A44A6A6D3F2F6B2F2B4A4 /* Pods-Example.debug.xcconfig */ = {isa = PBXFileReference; includeInIndex = 1; lastKnownFileType = text.xcconfig; name = "Pods-Example.debug.xcconfig"; path = "Target Support Files/Pods-Example/Pods-Example.debug.xcconfig"; sourceTree = "<group>"; };
		C32606E125701A23000405B6 /* Example.app */ = {isa = PBXFileReference; explicitFileType = wrapper.application; includeInIndex = 0; path = Example.app; sourceTree = BUILT_PRODUCTS_DIR; };
		C32606E325701A23000405B6 /* AppDelegate.swift */ = {isa = PBXFileReference; lastKnownFileType = sourcecode.swift; path = AppDelegate.swift; sourceTree = "<group>"; };
		C32606E525701A23000405B6 /* SceneDelegate.swift */ = {isa = PBXFileReference; lastKnownFileType = sourcecode.swift; path = SceneDelegate.swift; sourceTree = "<group>"; };
		C32606E725701A23000405B6 /* ViewController.swift */ = {isa = PBXFileReference; lastKnownFileType = sourcecode.swift; path = ViewController.swift; sourceTree = "<group>"; };
		C32606EA25701A23000405B6 /* Base */ = {isa = PBXFileReference; lastKnownFileType = file.storyboard; name = Base; path = Base.lproj/Main.storyboard; sourceTree = "<group>"; };
		C32606EC25701A24000405B6 /* Assets.xcassets */ = {isa = PBXFileReference; lastKnownFileType = folder.assetcatalog; path = Assets.xcassets; sourceTree = "<group>"; };
		C32606EF25701A24000405B6 /* Base */ = {isa = PBXFileReference; lastKnownFileType = file.storyboard; name = Base; path = Base.lproj/LaunchScreen.storyboard; sourceTree = "<group>"; };
		C32606F125701A24000405B6 /* Info.plist */ = {isa = PBXFileReference; lastKnownFileType = text.plist.xml; path = Info.plist; sourceTree = "<group>"; };
		C326070425701A40000405B6 /* SwiftUITarget.app */ = {isa = PBXFileReference; explicitFileType = wrapper.application; includeInIndex = 0; path = SwiftUITarget.app; sourceTree = BUILT_PRODUCTS_DIR; };
		C326070625701A40000405B6 /* SwiftUITargetApp.swift */ = {isa = PBXFileReference; lastKnownFileType = sourcecode.swift; path = SwiftUITargetApp.swift; sourceTree = "<group>"; };
		C326070A25701A40000405B6 /* Assets.xcassets */ = {isa = PBXFileReference; lastKnownFileType = folder.assetcatalog; path = Assets.xcassets; sourceTree = "<group>"; };
		C326070D25701A40000405B6 /* Preview Assets.xcassets */ = {isa = PBXFileReference; lastKnownFileType = folder.assetcatalog; path = "Preview Assets.xcassets"; sourceTree = "<group>"; };
		C326070F25701A40000405B6 /* Info.plist */ = {isa = PBXFileReference; lastKnownFileType = text.plist.xml; path = Info.plist; sourceTree = "<group>"; };
		C326078B25701B89000405B6 /* CounterState.swift */ = {isa = PBXFileReference; fileEncoding = 4; lastKnownFileType = sourcecode.swift; path = CounterState.swift; sourceTree = "<group>"; };
		C326078C25701B89000405B6 /* ChildVC.swift */ = {isa = PBXFileReference; fileEncoding = 4; lastKnownFileType = sourcecode.swift; path = ChildVC.swift; sourceTree = "<group>"; };
		C326078D25701B89000405B6 /* SceneDelegate.swift */ = {isa = PBXFileReference; fileEncoding = 4; lastKnownFileType = sourcecode.swift; path = SceneDelegate.swift; sourceTree = "<group>"; };
		C326078E25701B89000405B6 /* TestStore.swift */ = {isa = PBXFileReference; fileEncoding = 4; lastKnownFileType = sourcecode.swift; path = TestStore.swift; sourceTree = "<group>"; };
		C326078F25701B89000405B6 /* ApiService.swift */ = {isa = PBXFileReference; fileEncoding = 4; lastKnownFileType = sourcecode.swift; path = ApiService.swift; sourceTree = "<group>"; };
		C326079025701B89000405B6 /* MenuTVC.swift */ = {isa = PBXFileReference; fileEncoding = 4; lastKnownFileType = sourcecode.swift; path = MenuTVC.swift; sourceTree = "<group>"; };
		C326079125701B89000405B6 /* Router.swift */ = {isa = PBXFileReference; fileEncoding = 4; lastKnownFileType = sourcecode.swift; path = Router.swift; sourceTree = "<group>"; };
		C326079225701B89000405B6 /* UIColor+.swift */ = {isa = PBXFileReference; fileEncoding = 4; lastKnownFileType = sourcecode.swift; path = "UIColor+.swift"; sourceTree = "<group>"; };
		C326079325701B89000405B6 /* BaseWithProps.swift */ = {isa = PBXFileReference; fileEncoding = 4; lastKnownFileType = sourcecode.swift; path = BaseWithProps.swift; sourceTree = "<group>"; };
		C326079425701B89000405B6 /* BaseVC.swift */ = {isa = PBXFileReference; fileEncoding = 4; lastKnownFileType = sourcecode.swift; path = BaseVC.swift; sourceTree = "<group>"; };
		C32607B825701CCA000405B6 /* ApiInteractor.swift */ = {isa = PBXFileReference; fileEncoding = 4; lastKnownFileType = sourcecode.swift; path = ApiInteractor.swift; sourceTree = "<group>"; };
		C32607B925701CCA000405B6 /* TestView2.swift */ = {isa = PBXFileReference; fileEncoding = 4; lastKnownFileType = sourcecode.swift; path = TestView2.swift; sourceTree = "<group>"; };
		C32607BA25701CCA000405B6 /* TestView.swift */ = {isa = PBXFileReference; fileEncoding = 4; lastKnownFileType = sourcecode.swift; path = TestView.swift; sourceTree = "<group>"; };
		C32607BB25701CCA000405B6 /* CounterState.swift */ = {isa = PBXFileReference; fileEncoding = 4; lastKnownFileType = sourcecode.swift; path = CounterState.swift; sourceTree = "<group>"; };
		C32607BC25701CCA000405B6 /* TestStore.swift */ = {isa = PBXFileReference; fileEncoding = 4; lastKnownFileType = sourcecode.swift; path = TestStore.swift; sourceTree = "<group>"; };
		C3DF38A4259FFF5A00182A07 /* GraphPresenter.swift */ = {isa = PBXFileReference; fileEncoding = 4; lastKnownFileType = sourcecode.swift; path = GraphPresenter.swift; sourceTree = "<group>"; };
		"DeclarativeTVC::DeclarativeTVC::Product" /* DeclarativeTVC.framework */ = {isa = PBXFileReference; explicitFileType = wrapper.framework; path = DeclarativeTVC.framework; sourceTree = BUILT_PRODUCTS_DIR; };
		"DifferenceKit::DifferenceKit::Product" /* DifferenceKit.framework */ = {isa = PBXFileReference; explicitFileType = wrapper.framework; path = DifferenceKit.framework; sourceTree = BUILT_PRODUCTS_DIR; };
		E771D6953AFC7E3055436937 /* Pods-SwiftUITarget.release.xcconfig */ = {isa = PBXFileReference; includeInIndex = 1; lastKnownFileType = text.xcconfig; name = "Pods-SwiftUITarget.release.xcconfig"; path = "Target Support Files/Pods-SwiftUITarget/Pods-SwiftUITarget.release.xcconfig"; sourceTree = "<group>"; };
		E9D22406DE58054979D58035 /* Pods_SwiftUITarget.framework */ = {isa = PBXFileReference; explicitFileType = wrapper.framework; includeInIndex = 0; path = Pods_SwiftUITarget.framework; sourceTree = BUILT_PRODUCTS_DIR; };
		OBJ_10 /* Presenter.swift */ = {isa = PBXFileReference; lastKnownFileType = sourcecode.swift; path = Presenter.swift; sourceTree = "<group>"; };
		OBJ_11 /* ReduxVMSettings.swift */ = {isa = PBXFileReference; lastKnownFileType = sourcecode.swift; path = ReduxVMSettings.swift; sourceTree = "<group>"; };
		OBJ_12 /* SwiftUIPresenter.swift */ = {isa = PBXFileReference; lastKnownFileType = sourcecode.swift; path = SwiftUIPresenter.swift; sourceTree = "<group>"; };
		OBJ_13 /* TVC.swift */ = {isa = PBXFileReference; lastKnownFileType = sourcecode.swift; path = TVC.swift; sourceTree = "<group>"; };
		OBJ_14 /* VC.swift */ = {isa = PBXFileReference; lastKnownFileType = sourcecode.swift; path = VC.swift; sourceTree = "<group>"; };
		OBJ_17 /* ReduxVMTests.swift */ = {isa = PBXFileReference; lastKnownFileType = sourcecode.swift; path = ReduxVMTests.swift; sourceTree = "<group>"; };
		OBJ_18 /* XCTestManifests.swift */ = {isa = PBXFileReference; lastKnownFileType = sourcecode.swift; path = XCTestManifests.swift; sourceTree = "<group>"; };
		OBJ_22 /* Action.swift */ = {isa = PBXFileReference; lastKnownFileType = sourcecode.swift; path = Action.swift; sourceTree = "<group>"; };
		OBJ_23 /* Interactor.swift */ = {isa = PBXFileReference; lastKnownFileType = sourcecode.swift; path = Interactor.swift; sourceTree = "<group>"; };
		OBJ_24 /* Middleware.swift */ = {isa = PBXFileReference; lastKnownFileType = sourcecode.swift; path = Middleware.swift; sourceTree = "<group>"; };
		OBJ_25 /* SideEffects.swift */ = {isa = PBXFileReference; lastKnownFileType = sourcecode.swift; path = SideEffects.swift; sourceTree = "<group>"; };
		OBJ_26 /* State.swift */ = {isa = PBXFileReference; lastKnownFileType = sourcecode.swift; path = State.swift; sourceTree = "<group>"; };
		OBJ_27 /* Store.swift */ = {isa = PBXFileReference; lastKnownFileType = sourcecode.swift; path = Store.swift; sourceTree = "<group>"; };
		OBJ_28 /* StoreSubscriber.swift */ = {isa = PBXFileReference; lastKnownFileType = sourcecode.swift; path = StoreSubscriber.swift; sourceTree = "<group>"; };
		OBJ_29 /* Subscription.swift */ = {isa = PBXFileReference; lastKnownFileType = sourcecode.swift; path = Subscription.swift; sourceTree = "<group>"; };
		OBJ_31 /* Assertions.swift */ = {isa = PBXFileReference; lastKnownFileType = sourcecode.swift; path = Assertions.swift; sourceTree = "<group>"; };
		OBJ_32 /* Coding.swift */ = {isa = PBXFileReference; lastKnownFileType = sourcecode.swift; path = Coding.swift; sourceTree = "<group>"; };
		OBJ_33 /* TypeHelper.swift */ = {isa = PBXFileReference; lastKnownFileType = sourcecode.swift; path = TypeHelper.swift; sourceTree = "<group>"; };
		OBJ_34 /* Package.swift */ = {isa = PBXFileReference; explicitFileType = sourcecode.swift; name = Package.swift; path = /Users/dmitrykocherovets/Dev/iOS/ReduxVM/.build/checkouts/RedSwift/Package.swift; sourceTree = "<group>"; };
		OBJ_38 /* CellModel.swift */ = {isa = PBXFileReference; lastKnownFileType = sourcecode.swift; path = CellModel.swift; sourceTree = "<group>"; };
		OBJ_39 /* Command.swift */ = {isa = PBXFileReference; lastKnownFileType = sourcecode.swift; path = Command.swift; sourceTree = "<group>"; };
		OBJ_40 /* SelectableCell.swift */ = {isa = PBXFileReference; lastKnownFileType = sourcecode.swift; path = SelectableCell.swift; sourceTree = "<group>"; };
		OBJ_42 /* CollectionDS.swift */ = {isa = PBXFileReference; lastKnownFileType = sourcecode.swift; path = CollectionDS.swift; sourceTree = "<group>"; };
		OBJ_43 /* CollectionModel.swift */ = {isa = PBXFileReference; lastKnownFileType = sourcecode.swift; path = CollectionModel.swift; sourceTree = "<group>"; };
		OBJ_44 /* DeclarativeCVC.swift */ = {isa = PBXFileReference; lastKnownFileType = sourcecode.swift; path = DeclarativeCVC.swift; sourceTree = "<group>"; };
		OBJ_46 /* DeclarativeTVC+Animations.swift */ = {isa = PBXFileReference; lastKnownFileType = sourcecode.swift; path = "DeclarativeTVC+Animations.swift"; sourceTree = "<group>"; };
		OBJ_47 /* DeclarativeTVC.swift */ = {isa = PBXFileReference; lastKnownFileType = sourcecode.swift; path = DeclarativeTVC.swift; sourceTree = "<group>"; };
		OBJ_48 /* TableDS.swift */ = {isa = PBXFileReference; lastKnownFileType = sourcecode.swift; path = TableDS.swift; sourceTree = "<group>"; };
		OBJ_49 /* TableFooterModel.swift */ = {isa = PBXFileReference; lastKnownFileType = sourcecode.swift; path = TableFooterModel.swift; sourceTree = "<group>"; };
		OBJ_50 /* TableHeaderModel.swift */ = {isa = PBXFileReference; lastKnownFileType = sourcecode.swift; path = TableHeaderModel.swift; sourceTree = "<group>"; };
		OBJ_51 /* TableModel.swift */ = {isa = PBXFileReference; lastKnownFileType = sourcecode.swift; path = TableModel.swift; sourceTree = "<group>"; };
		OBJ_52 /* UITableView+.swift */ = {isa = PBXFileReference; lastKnownFileType = sourcecode.swift; path = "UITableView+.swift"; sourceTree = "<group>"; };
		OBJ_53 /* Package.swift */ = {isa = PBXFileReference; explicitFileType = sourcecode.swift; name = Package.swift; path = /Users/dmitrykocherovets/Dev/iOS/ReduxVM/.build/checkouts/DeclarativeTVC/Package.swift; sourceTree = "<group>"; };
		OBJ_55 /* Package.swift */ = {isa = PBXFileReference; explicitFileType = sourcecode.swift; name = Package.swift; path = /Users/dmitrykocherovets/Dev/iOS/ReduxVM/.build/checkouts/DifferenceKit/Package.swift; sourceTree = "<group>"; };
		OBJ_56 /* Algorithm.swift */ = {isa = PBXFileReference; lastKnownFileType = sourcecode.swift; path = Algorithm.swift; sourceTree = "<group>"; };
		OBJ_57 /* AnyDifferentiable.swift */ = {isa = PBXFileReference; lastKnownFileType = sourcecode.swift; path = AnyDifferentiable.swift; sourceTree = "<group>"; };
		OBJ_58 /* ArraySection.swift */ = {isa = PBXFileReference; lastKnownFileType = sourcecode.swift; path = ArraySection.swift; sourceTree = "<group>"; };
		OBJ_59 /* Changeset.swift */ = {isa = PBXFileReference; lastKnownFileType = sourcecode.swift; path = Changeset.swift; sourceTree = "<group>"; };
		OBJ_6 /* Package.swift */ = {isa = PBXFileReference; explicitFileType = sourcecode.swift; path = Package.swift; sourceTree = "<group>"; };
		OBJ_60 /* ContentEquatable.swift */ = {isa = PBXFileReference; lastKnownFileType = sourcecode.swift; path = ContentEquatable.swift; sourceTree = "<group>"; };
		OBJ_61 /* ContentIdentifiable.swift */ = {isa = PBXFileReference; lastKnownFileType = sourcecode.swift; path = ContentIdentifiable.swift; sourceTree = "<group>"; };
		OBJ_62 /* Differentiable.swift */ = {isa = PBXFileReference; lastKnownFileType = sourcecode.swift; path = Differentiable.swift; sourceTree = "<group>"; };
		OBJ_63 /* DifferentiableSection.swift */ = {isa = PBXFileReference; lastKnownFileType = sourcecode.swift; path = DifferentiableSection.swift; sourceTree = "<group>"; };
		OBJ_64 /* ElementPath.swift */ = {isa = PBXFileReference; lastKnownFileType = sourcecode.swift; path = ElementPath.swift; sourceTree = "<group>"; };
		OBJ_66 /* AppKitExtension.swift */ = {isa = PBXFileReference; lastKnownFileType = sourcecode.swift; path = AppKitExtension.swift; sourceTree = "<group>"; };
		OBJ_67 /* UIKitExtension.swift */ = {isa = PBXFileReference; lastKnownFileType = sourcecode.swift; path = UIKitExtension.swift; sourceTree = "<group>"; };
		OBJ_68 /* StagedChangeset.swift */ = {isa = PBXFileReference; lastKnownFileType = sourcecode.swift; path = StagedChangeset.swift; sourceTree = "<group>"; };
		OBJ_77 /* LICENSE */ = {isa = PBXFileReference; lastKnownFileType = text; path = LICENSE; sourceTree = "<group>"; };
		OBJ_78 /* README.md */ = {isa = PBXFileReference; lastKnownFileType = net.daringfireball.markdown; path = README.md; sourceTree = "<group>"; };
		OBJ_79 /* Podfile */ = {isa = PBXFileReference; lastKnownFileType = text; path = Podfile; sourceTree = "<group>"; xcLanguageSpecificationIdentifier = xcode.lang.ruby; };
		OBJ_80 /* ReduxVM.podspec */ = {isa = PBXFileReference; lastKnownFileType = text; path = ReduxVM.podspec; sourceTree = "<group>"; };
		OBJ_9 /* CVC.swift */ = {isa = PBXFileReference; lastKnownFileType = sourcecode.swift; path = CVC.swift; sourceTree = "<group>"; };
		"RedSwift::RedSwift::Product" /* RedSwift.framework */ = {isa = PBXFileReference; explicitFileType = wrapper.framework; path = RedSwift.framework; sourceTree = BUILT_PRODUCTS_DIR; };
		"ReduxVM::ReduxVM::Product" /* ReduxVM.framework */ = {isa = PBXFileReference; explicitFileType = wrapper.framework; path = ReduxVM.framework; sourceTree = BUILT_PRODUCTS_DIR; };
		"ReduxVM::ReduxVMTests::Product" /* ReduxVMTests.xctest */ = {isa = PBXFileReference; explicitFileType = wrapper.cfbundle; path = ReduxVMTests.xctest; sourceTree = BUILT_PRODUCTS_DIR; };
/* End PBXFileReference section */

/* Begin PBXFrameworksBuildPhase section */
		196E327AD4F033CD9DEECD09 /* Frameworks */ = {
			isa = PBXFrameworksBuildPhase;
			buildActionMask = 2147483647;
			files = (
			);
			runOnlyForDeploymentPostprocessing = 0;
		};
		1AD643E2A76E8D1A617A2794 /* Frameworks */ = {
			isa = PBXFrameworksBuildPhase;
			buildActionMask = 2147483647;
			files = (
			);
			runOnlyForDeploymentPostprocessing = 0;
		};
		3639AF9BFCB020257C15EADE /* Frameworks */ = {
			isa = PBXFrameworksBuildPhase;
			buildActionMask = 2147483647;
			files = (
			);
			runOnlyForDeploymentPostprocessing = 0;
		};
		B20F61D306BD6BD6CAAAFE7E /* Frameworks */ = {
			isa = PBXFrameworksBuildPhase;
			buildActionMask = 2147483647;
			files = (
			);
			runOnlyForDeploymentPostprocessing = 0;
		};
		C32606DE25701A23000405B6 /* Frameworks */ = {
			isa = PBXFrameworksBuildPhase;
			buildActionMask = 2147483647;
			files = (
				C326075B25701ACC000405B6 /* ReduxVM.framework in Frameworks */,
				E882496DA5A250BC39194586 /* Pods_Example.framework in Frameworks */,
			);
			runOnlyForDeploymentPostprocessing = 0;
		};
		C326070125701A40000405B6 /* Frameworks */ = {
			isa = PBXFrameworksBuildPhase;
			buildActionMask = 2147483647;
			files = (
				C32607DC25701CFA000405B6 /* ReduxVM.framework in Frameworks */,
				42270F9D1A0490DD51F0C9D6 /* Pods_SwiftUITarget.framework in Frameworks */,
			);
			runOnlyForDeploymentPostprocessing = 0;
		};
		OBJ_125 /* Frameworks */ = {
			isa = PBXFrameworksBuildPhase;
			buildActionMask = 0;
			files = (
			);
			runOnlyForDeploymentPostprocessing = 0;
		};
		OBJ_148 /* Frameworks */ = {
			isa = PBXFrameworksBuildPhase;
			buildActionMask = 0;
			files = (
			);
			runOnlyForDeploymentPostprocessing = 0;
		};
		OBJ_166 /* Frameworks */ = {
			isa = PBXFrameworksBuildPhase;
			buildActionMask = 0;
			files = (
				OBJ_167 /* RedSwift.framework in Frameworks */,
				OBJ_168 /* DeclarativeTVC.framework in Frameworks */,
				OBJ_169 /* DifferenceKit.framework in Frameworks */,
			);
			runOnlyForDeploymentPostprocessing = 0;
		};
		OBJ_191 /* Frameworks */ = {
			isa = PBXFrameworksBuildPhase;
			buildActionMask = 0;
			files = (
				OBJ_192 /* ReduxVM.framework in Frameworks */,
				OBJ_193 /* RedSwift.framework in Frameworks */,
				OBJ_194 /* DeclarativeTVC.framework in Frameworks */,
				OBJ_195 /* DifferenceKit.framework in Frameworks */,
			);
			runOnlyForDeploymentPostprocessing = 0;
		};
		OBJ_99 /* Frameworks */ = {
			isa = PBXFrameworksBuildPhase;
			buildActionMask = 0;
			files = (
				OBJ_100 /* DifferenceKit.framework in Frameworks */,
			);
			runOnlyForDeploymentPostprocessing = 0;
		};
/* End PBXFrameworksBuildPhase section */

/* Begin PBXGroup section */
		5A0A0A1049B70D1E89B2C027 /* Pods */ = {
			isa = PBXGroup;
			children = (
				920A44A6A6D3F2F6B2F2B4A4 /* Pods-Example.debug.xcconfig */,
				4A074B9FE8FB19A39C8E5772 /* Pods-Example.release.xcconfig */,
				6BACA3F23D92025FD7FE6D89 /* Pods-SwiftUITarget.debug.xcconfig */,
				E771D6953AFC7E3055436937 /* Pods-SwiftUITarget.release.xcconfig */,
			);
			path = Pods;
			sourceTree = "<group>";
		};
		C32606E225701A23000405B6 /* Example */ = {
			isa = PBXGroup;
			children = (
				C32606E325701A23000405B6 /* AppDelegate.swift */,
				C326079025701B89000405B6 /* MenuTVC.swift */,
				C326079125701B89000405B6 /* Router.swift */,
				C32606E525701A23000405B6 /* SceneDelegate.swift */,
				C32606E725701A23000405B6 /* ViewController.swift */,
				C326078F25701B89000405B6 /* ApiService.swift */,
				C326079425701B89000405B6 /* BaseVC.swift */,
				C326079325701B89000405B6 /* BaseWithProps.swift */,
				C326078C25701B89000405B6 /* ChildVC.swift */,
				C326078B25701B89000405B6 /* CounterState.swift */,
				C326078D25701B89000405B6 /* SceneDelegate.swift */,
				C326078E25701B89000405B6 /* TestStore.swift */,
				C326079225701B89000405B6 /* UIColor+.swift */,
				C32606E925701A23000405B6 /* Main.storyboard */,
				C32606EC25701A24000405B6 /* Assets.xcassets */,
				C32606EE25701A24000405B6 /* LaunchScreen.storyboard */,
				C32606F125701A24000405B6 /* Info.plist */,
			);
			path = Example;
			sourceTree = "<group>";
		};
		C326070525701A40000405B6 /* SwiftUITarget */ = {
			isa = PBXGroup;
			children = (
				C326070625701A40000405B6 /* SwiftUITargetApp.swift */,
				C32607B825701CCA000405B6 /* ApiInteractor.swift */,
				C32607BB25701CCA000405B6 /* CounterState.swift */,
				C32607BC25701CCA000405B6 /* TestStore.swift */,
				C32607BA25701CCA000405B6 /* TestView.swift */,
				C32607B925701CCA000405B6 /* TestView2.swift */,
				C326070A25701A40000405B6 /* Assets.xcassets */,
				C326070F25701A40000405B6 /* Info.plist */,
				C326070C25701A40000405B6 /* Preview Content */,
			);
			path = SwiftUITarget;
			sourceTree = "<group>";
		};
		C326070C25701A40000405B6 /* Preview Content */ = {
			isa = PBXGroup;
			children = (
				C326070D25701A40000405B6 /* Preview Assets.xcassets */,
			);
			path = "Preview Content";
			sourceTree = "<group>";
		};
		CB325C1643F99A49C59F4694 /* Frameworks */ = {
			isa = PBXGroup;
			children = (
				3621D2D904C2962625B937DF /* Pods_Example.framework */,
				E9D22406DE58054979D58035 /* Pods_SwiftUITarget.framework */,
			);
			name = Frameworks;
			sourceTree = "<group>";
		};
		OBJ_15 /* Tests */ = {
			isa = PBXGroup;
			children = (
				OBJ_16 /* ReduxVMTests */,
			);
			name = Tests;
			sourceTree = SOURCE_ROOT;
		};
		OBJ_16 /* ReduxVMTests */ = {
			isa = PBXGroup;
			children = (
				OBJ_17 /* ReduxVMTests.swift */,
				OBJ_18 /* XCTestManifests.swift */,
			);
			name = ReduxVMTests;
			path = Tests/ReduxVMTests;
			sourceTree = SOURCE_ROOT;
		};
		OBJ_19 /* Dependencies */ = {
			isa = PBXGroup;
			children = (
				OBJ_20 /* RedSwift 1.0.31 */,
				OBJ_35 /* DeclarativeTVC 1.0.22 */,
				OBJ_54 /* DifferenceKit 1.1.5 */,
			);
			name = Dependencies;
			sourceTree = "<group>";
		};
		OBJ_20 /* RedSwift 1.0.31 */ = {
			isa = PBXGroup;
			children = (
				OBJ_21 /* RedSwift */,
				OBJ_34 /* Package.swift */,
			);
			name = "RedSwift 1.0.31";
			sourceTree = SOURCE_ROOT;
		};
		OBJ_21 /* RedSwift */ = {
			isa = PBXGroup;
			children = (
				OBJ_22 /* Action.swift */,
				OBJ_23 /* Interactor.swift */,
				OBJ_24 /* Middleware.swift */,
				OBJ_25 /* SideEffects.swift */,
				OBJ_26 /* State.swift */,
				OBJ_27 /* Store.swift */,
				OBJ_28 /* StoreSubscriber.swift */,
				OBJ_29 /* Subscription.swift */,
				OBJ_30 /* Utils */,
			);
			name = RedSwift;
			path = .build/checkouts/RedSwift/Sources/RedSwift;
			sourceTree = SOURCE_ROOT;
		};
		OBJ_30 /* Utils */ = {
			isa = PBXGroup;
			children = (
				OBJ_31 /* Assertions.swift */,
				OBJ_32 /* Coding.swift */,
				OBJ_33 /* TypeHelper.swift */,
			);
			path = Utils;
			sourceTree = "<group>";
		};
		OBJ_35 /* DeclarativeTVC 1.0.22 */ = {
			isa = PBXGroup;
			children = (
				OBJ_36 /* DeclarativeTVC */,
				OBJ_53 /* Package.swift */,
			);
			name = "DeclarativeTVC 1.0.22";
			sourceTree = SOURCE_ROOT;
		};
		OBJ_36 /* DeclarativeTVC */ = {
			isa = PBXGroup;
			children = (
				OBJ_37 /* Cells */,
				OBJ_41 /* Collections */,
				OBJ_45 /* Tables */,
			);
			name = DeclarativeTVC;
			path = .build/checkouts/DeclarativeTVC/Sources/DeclarativeTVC;
			sourceTree = SOURCE_ROOT;
		};
		OBJ_37 /* Cells */ = {
			isa = PBXGroup;
			children = (
				OBJ_38 /* CellModel.swift */,
				OBJ_39 /* Command.swift */,
				OBJ_40 /* SelectableCell.swift */,
			);
			path = Cells;
			sourceTree = "<group>";
		};
		OBJ_41 /* Collections */ = {
			isa = PBXGroup;
			children = (
				OBJ_42 /* CollectionDS.swift */,
				OBJ_43 /* CollectionModel.swift */,
				OBJ_44 /* DeclarativeCVC.swift */,
			);
			path = Collections;
			sourceTree = "<group>";
		};
		OBJ_45 /* Tables */ = {
			isa = PBXGroup;
			children = (
				OBJ_46 /* DeclarativeTVC+Animations.swift */,
				OBJ_47 /* DeclarativeTVC.swift */,
				OBJ_48 /* TableDS.swift */,
				OBJ_49 /* TableFooterModel.swift */,
				OBJ_50 /* TableHeaderModel.swift */,
				OBJ_51 /* TableModel.swift */,
				OBJ_52 /* UITableView+.swift */,
			);
			path = Tables;
			sourceTree = "<group>";
		};
		OBJ_5 = {
			isa = PBXGroup;
			children = (
				OBJ_6 /* Package.swift */,
				OBJ_77 /* LICENSE */,
				OBJ_78 /* README.md */,
				OBJ_79 /* Podfile */,
				OBJ_80 /* ReduxVM.podspec */,
				OBJ_7 /* Sources */,
				OBJ_15 /* Tests */,
				OBJ_19 /* Dependencies */,
				C32606E225701A23000405B6 /* Example */,
				C326070525701A40000405B6 /* SwiftUITarget */,
				OBJ_69 /* Products */,
				5A0A0A1049B70D1E89B2C027 /* Pods */,
				CB325C1643F99A49C59F4694 /* Frameworks */,
			);
			sourceTree = "<group>";
		};
		OBJ_54 /* DifferenceKit 1.1.5 */ = {
			isa = PBXGroup;
			children = (
				OBJ_55 /* Package.swift */,
				OBJ_56 /* Algorithm.swift */,
				OBJ_57 /* AnyDifferentiable.swift */,
				OBJ_58 /* ArraySection.swift */,
				OBJ_59 /* Changeset.swift */,
				OBJ_60 /* ContentEquatable.swift */,
				OBJ_61 /* ContentIdentifiable.swift */,
				OBJ_62 /* Differentiable.swift */,
				OBJ_63 /* DifferentiableSection.swift */,
				OBJ_64 /* ElementPath.swift */,
				OBJ_65 /* Extensions */,
				OBJ_68 /* StagedChangeset.swift */,
			);
			name = "DifferenceKit 1.1.5";
			path = .build/checkouts/DifferenceKit/Sources;
			sourceTree = SOURCE_ROOT;
		};
		OBJ_65 /* Extensions */ = {
			isa = PBXGroup;
			children = (
				OBJ_66 /* AppKitExtension.swift */,
				OBJ_67 /* UIKitExtension.swift */,
			);
			path = Extensions;
			sourceTree = "<group>";
		};
		OBJ_69 /* Products */ = {
			isa = PBXGroup;
			children = (
				"DeclarativeTVC::DeclarativeTVC::Product" /* DeclarativeTVC.framework */,
				"ReduxVM::ReduxVM::Product" /* ReduxVM.framework */,
				"DifferenceKit::DifferenceKit::Product" /* DifferenceKit.framework */,
				"ReduxVM::ReduxVMTests::Product" /* ReduxVMTests.xctest */,
				"RedSwift::RedSwift::Product" /* RedSwift.framework */,
				C32606E125701A23000405B6 /* Example.app */,
				C326070425701A40000405B6 /* SwiftUITarget.app */,
			);
			name = Products;
			sourceTree = BUILT_PRODUCTS_DIR;
		};
		OBJ_7 /* Sources */ = {
			isa = PBXGroup;
			children = (
				OBJ_8 /* ReduxVM */,
			);
			name = Sources;
			sourceTree = SOURCE_ROOT;
		};
		OBJ_8 /* ReduxVM */ = {
			isa = PBXGroup;
			children = (
				OBJ_9 /* CVC.swift */,
				OBJ_10 /* Presenter.swift */,
				C3DF38A4259FFF5A00182A07 /* GraphPresenter.swift */,
				OBJ_11 /* ReduxVMSettings.swift */,
				OBJ_12 /* SwiftUIPresenter.swift */,
				OBJ_13 /* TVC.swift */,
				OBJ_14 /* VC.swift */,
			);
			name = ReduxVM;
			path = Sources/ReduxVM;
			sourceTree = SOURCE_ROOT;
		};
/* End PBXGroup section */

/* Begin PBXNativeTarget section */
		C32606E025701A23000405B6 /* Example */ = {
			isa = PBXNativeTarget;
			buildConfigurationList = C32606F425701A24000405B6 /* Build configuration list for PBXNativeTarget "Example" */;
			buildPhases = (
				519084E5707005727568FF3D /* [CP] Check Pods Manifest.lock */,
				C32606DD25701A23000405B6 /* Sources */,
				C32606DE25701A23000405B6 /* Frameworks */,
				C32606DF25701A23000405B6 /* Resources */,
				153BAECC60D943F3C3E0C34F /* [CP] Embed Pods Frameworks */,
				C326075F25701ACD000405B6 /* Embed Frameworks */,
			);
			buildRules = (
			);
			dependencies = (
				C326075E25701ACD000405B6 /* PBXTargetDependency */,
			);
			name = Example;
			productName = Example;
			productReference = C32606E125701A23000405B6 /* Example.app */;
			productType = "com.apple.product-type.application";
		};
		C326070325701A40000405B6 /* SwiftUITarget */ = {
			isa = PBXNativeTarget;
			buildConfigurationList = C326071025701A40000405B6 /* Build configuration list for PBXNativeTarget "SwiftUITarget" */;
			buildPhases = (
				3E608C8B13B854934FDF8FCC /* [CP] Check Pods Manifest.lock */,
				C326070025701A40000405B6 /* Sources */,
				C326070125701A40000405B6 /* Frameworks */,
				C326070225701A40000405B6 /* Resources */,
				7D7980B6437022E6D6999BE9 /* [CP] Embed Pods Frameworks */,
				C32607E025701CFA000405B6 /* Embed Frameworks */,
			);
			buildRules = (
			);
			dependencies = (
				C32607DF25701CFA000405B6 /* PBXTargetDependency */,
			);
			name = SwiftUITarget;
			productName = SwiftUITarget;
			productReference = C326070425701A40000405B6 /* SwiftUITarget.app */;
			productType = "com.apple.product-type.application";
		};
		"DeclarativeTVC::DeclarativeTVC" /* DeclarativeTVC */ = {
			isa = PBXNativeTarget;
			buildConfigurationList = OBJ_82 /* Build configuration list for PBXNativeTarget "DeclarativeTVC" */;
			buildPhases = (
				OBJ_85 /* Sources */,
				OBJ_99 /* Frameworks */,
			);
			buildRules = (
			);
			dependencies = (
				OBJ_101 /* PBXTargetDependency */,
			);
			name = DeclarativeTVC;
			productName = DeclarativeTVC;
			productReference = "DeclarativeTVC::DeclarativeTVC::Product" /* DeclarativeTVC.framework */;
			productType = "com.apple.product-type.framework";
		};
		"DeclarativeTVC::SwiftPMPackageDescription" /* DeclarativeTVCPackageDescription */ = {
			isa = PBXNativeTarget;
			buildConfigurationList = OBJ_104 /* Build configuration list for PBXNativeTarget "DeclarativeTVCPackageDescription" */;
			buildPhases = (
				OBJ_107 /* Sources */,
				196E327AD4F033CD9DEECD09 /* Frameworks */,
			);
			buildRules = (
			);
			dependencies = (
			);
			name = DeclarativeTVCPackageDescription;
			productName = DeclarativeTVCPackageDescription;
			productType = "com.apple.product-type.framework";
		};
		"DifferenceKit::DifferenceKit" /* DifferenceKit */ = {
			isa = PBXNativeTarget;
			buildConfigurationList = OBJ_109 /* Build configuration list for PBXNativeTarget "DifferenceKit" */;
			buildPhases = (
				OBJ_112 /* Sources */,
				OBJ_125 /* Frameworks */,
			);
			buildRules = (
			);
			dependencies = (
			);
			name = DifferenceKit;
			productName = DifferenceKit;
			productReference = "DifferenceKit::DifferenceKit::Product" /* DifferenceKit.framework */;
			productType = "com.apple.product-type.framework";
		};
		"DifferenceKit::SwiftPMPackageDescription" /* DifferenceKitPackageDescription */ = {
			isa = PBXNativeTarget;
			buildConfigurationList = OBJ_127 /* Build configuration list for PBXNativeTarget "DifferenceKitPackageDescription" */;
			buildPhases = (
				OBJ_130 /* Sources */,
				B20F61D306BD6BD6CAAAFE7E /* Frameworks */,
			);
			buildRules = (
			);
			dependencies = (
			);
			name = DifferenceKitPackageDescription;
			productName = DifferenceKitPackageDescription;
			productType = "com.apple.product-type.framework";
		};
		"RedSwift::RedSwift" /* RedSwift */ = {
			isa = PBXNativeTarget;
			buildConfigurationList = OBJ_133 /* Build configuration list for PBXNativeTarget "RedSwift" */;
			buildPhases = (
				OBJ_136 /* Sources */,
				OBJ_148 /* Frameworks */,
			);
			buildRules = (
			);
			dependencies = (
			);
			name = RedSwift;
			productName = RedSwift;
			productReference = "RedSwift::RedSwift::Product" /* RedSwift.framework */;
			productType = "com.apple.product-type.framework";
		};
		"RedSwift::SwiftPMPackageDescription" /* RedSwiftPackageDescription */ = {
			isa = PBXNativeTarget;
			buildConfigurationList = OBJ_150 /* Build configuration list for PBXNativeTarget "RedSwiftPackageDescription" */;
			buildPhases = (
				OBJ_153 /* Sources */,
				3639AF9BFCB020257C15EADE /* Frameworks */,
			);
			buildRules = (
			);
			dependencies = (
			);
			name = RedSwiftPackageDescription;
			productName = RedSwiftPackageDescription;
			productType = "com.apple.product-type.framework";
		};
		"ReduxVM::ReduxVM" /* ReduxVM */ = {
			isa = PBXNativeTarget;
			buildConfigurationList = OBJ_156 /* Build configuration list for PBXNativeTarget "ReduxVM" */;
			buildPhases = (
				OBJ_159 /* Sources */,
				OBJ_166 /* Frameworks */,
			);
			buildRules = (
			);
			dependencies = (
				OBJ_170 /* PBXTargetDependency */,
				OBJ_171 /* PBXTargetDependency */,
				OBJ_172 /* PBXTargetDependency */,
			);
			name = ReduxVM;
			productName = ReduxVM;
			productReference = "ReduxVM::ReduxVM::Product" /* ReduxVM.framework */;
			productType = "com.apple.product-type.framework";
		};
		"ReduxVM::ReduxVMTests" /* ReduxVMTests */ = {
			isa = PBXNativeTarget;
			buildConfigurationList = OBJ_185 /* Build configuration list for PBXNativeTarget "ReduxVMTests" */;
			buildPhases = (
				OBJ_188 /* Sources */,
				OBJ_191 /* Frameworks */,
			);
			buildRules = (
			);
			dependencies = (
				OBJ_196 /* PBXTargetDependency */,
				OBJ_197 /* PBXTargetDependency */,
				OBJ_198 /* PBXTargetDependency */,
				OBJ_199 /* PBXTargetDependency */,
			);
			name = ReduxVMTests;
			productName = ReduxVMTests;
			productReference = "ReduxVM::ReduxVMTests::Product" /* ReduxVMTests.xctest */;
			productType = "com.apple.product-type.bundle.unit-test";
		};
		"ReduxVM::SwiftPMPackageDescription" /* ReduxVMPackageDescription */ = {
			isa = PBXNativeTarget;
			buildConfigurationList = OBJ_174 /* Build configuration list for PBXNativeTarget "ReduxVMPackageDescription" */;
			buildPhases = (
				OBJ_177 /* Sources */,
				1AD643E2A76E8D1A617A2794 /* Frameworks */,
			);
			buildRules = (
			);
			dependencies = (
			);
			name = ReduxVMPackageDescription;
			productName = ReduxVMPackageDescription;
			productType = "com.apple.product-type.framework";
		};
/* End PBXNativeTarget section */

/* Begin PBXProject section */
		OBJ_1 /* Project object */ = {
			isa = PBXProject;
			attributes = {
				LastSwiftMigration = 9999;
				LastSwiftUpdateCheck = 1220;
				LastUpgradeCheck = 1220;
				TargetAttributes = {
					C32606E025701A23000405B6 = {
						CreatedOnToolsVersion = 12.2;
						DevelopmentTeam = 42K94E5YQD;
						ProvisioningStyle = Automatic;
					};
					C326070325701A40000405B6 = {
						CreatedOnToolsVersion = 12.2;
						DevelopmentTeam = 42K94E5YQD;
						ProvisioningStyle = Automatic;
					};
				};
			};
			buildConfigurationList = OBJ_2 /* Build configuration list for PBXProject "ReduxVM" */;
			compatibilityVersion = "Xcode 3.2";
			developmentRegion = en;
			hasScannedForEncodings = 0;
			knownRegions = (
				en,
				Base,
			);
			mainGroup = OBJ_5;
			productRefGroup = OBJ_69 /* Products */;
			projectDirPath = "";
			projectRoot = "";
			targets = (
				"DeclarativeTVC::DeclarativeTVC" /* DeclarativeTVC */,
				"DeclarativeTVC::SwiftPMPackageDescription" /* DeclarativeTVCPackageDescription */,
				"DifferenceKit::DifferenceKit" /* DifferenceKit */,
				"DifferenceKit::SwiftPMPackageDescription" /* DifferenceKitPackageDescription */,
				"RedSwift::RedSwift" /* RedSwift */,
				"RedSwift::SwiftPMPackageDescription" /* RedSwiftPackageDescription */,
				"ReduxVM::ReduxVM" /* ReduxVM */,
				"ReduxVM::SwiftPMPackageDescription" /* ReduxVMPackageDescription */,
				"ReduxVM::ReduxVMPackageTests::ProductTarget" /* ReduxVMPackageTests */,
				"ReduxVM::ReduxVMTests" /* ReduxVMTests */,
				C32606E025701A23000405B6 /* Example */,
				C326070325701A40000405B6 /* SwiftUITarget */,
			);
		};
/* End PBXProject section */

/* Begin PBXResourcesBuildPhase section */
		C32606DF25701A23000405B6 /* Resources */ = {
			isa = PBXResourcesBuildPhase;
			buildActionMask = 2147483647;
			files = (
				C32606F025701A24000405B6 /* LaunchScreen.storyboard in Resources */,
				C32606ED25701A24000405B6 /* Assets.xcassets in Resources */,
				C32606EB25701A23000405B6 /* Main.storyboard in Resources */,
			);
			runOnlyForDeploymentPostprocessing = 0;
		};
		C326070225701A40000405B6 /* Resources */ = {
			isa = PBXResourcesBuildPhase;
			buildActionMask = 2147483647;
			files = (
				C326070E25701A40000405B6 /* Preview Assets.xcassets in Resources */,
				C326070B25701A40000405B6 /* Assets.xcassets in Resources */,
			);
			runOnlyForDeploymentPostprocessing = 0;
		};
/* End PBXResourcesBuildPhase section */

/* Begin PBXShellScriptBuildPhase section */
		153BAECC60D943F3C3E0C34F /* [CP] Embed Pods Frameworks */ = {
			isa = PBXShellScriptBuildPhase;
			buildActionMask = 2147483647;
			files = (
			);
			inputPaths = (
				"${PODS_ROOT}/Target Support Files/Pods-Example/Pods-Example-frameworks.sh",
				"${BUILT_PRODUCTS_DIR}/DITranquillity/DITranquillity.framework",
				"${BUILT_PRODUCTS_DIR}/SwiftLazy/SwiftLazy.framework",
			);
			name = "[CP] Embed Pods Frameworks";
			outputPaths = (
				"${TARGET_BUILD_DIR}/${FRAMEWORKS_FOLDER_PATH}/DITranquillity.framework",
				"${TARGET_BUILD_DIR}/${FRAMEWORKS_FOLDER_PATH}/SwiftLazy.framework",
			);
			runOnlyForDeploymentPostprocessing = 0;
			shellPath = /bin/sh;
			shellScript = "\"${PODS_ROOT}/Target Support Files/Pods-Example/Pods-Example-frameworks.sh\"\n";
			showEnvVarsInLog = 0;
		};
		3E608C8B13B854934FDF8FCC /* [CP] Check Pods Manifest.lock */ = {
			isa = PBXShellScriptBuildPhase;
			buildActionMask = 2147483647;
			files = (
			);
			inputFileListPaths = (
			);
			inputPaths = (
				"${PODS_PODFILE_DIR_PATH}/Podfile.lock",
				"${PODS_ROOT}/Manifest.lock",
			);
			name = "[CP] Check Pods Manifest.lock";
			outputFileListPaths = (
			);
			outputPaths = (
				"$(DERIVED_FILE_DIR)/Pods-SwiftUITarget-checkManifestLockResult.txt",
			);
			runOnlyForDeploymentPostprocessing = 0;
			shellPath = /bin/sh;
			shellScript = "diff \"${PODS_PODFILE_DIR_PATH}/Podfile.lock\" \"${PODS_ROOT}/Manifest.lock\" > /dev/null\nif [ $? != 0 ] ; then\n    # print error to STDERR\n    echo \"error: The sandbox is not in sync with the Podfile.lock. Run 'pod install' or update your CocoaPods installation.\" >&2\n    exit 1\nfi\n# This output is used by Xcode 'outputs' to avoid re-running this script phase.\necho \"SUCCESS\" > \"${SCRIPT_OUTPUT_FILE_0}\"\n";
			showEnvVarsInLog = 0;
		};
		519084E5707005727568FF3D /* [CP] Check Pods Manifest.lock */ = {
			isa = PBXShellScriptBuildPhase;
			buildActionMask = 2147483647;
			files = (
			);
			inputFileListPaths = (
			);
			inputPaths = (
				"${PODS_PODFILE_DIR_PATH}/Podfile.lock",
				"${PODS_ROOT}/Manifest.lock",
			);
			name = "[CP] Check Pods Manifest.lock";
			outputFileListPaths = (
			);
			outputPaths = (
				"$(DERIVED_FILE_DIR)/Pods-Example-checkManifestLockResult.txt",
			);
			runOnlyForDeploymentPostprocessing = 0;
			shellPath = /bin/sh;
			shellScript = "diff \"${PODS_PODFILE_DIR_PATH}/Podfile.lock\" \"${PODS_ROOT}/Manifest.lock\" > /dev/null\nif [ $? != 0 ] ; then\n    # print error to STDERR\n    echo \"error: The sandbox is not in sync with the Podfile.lock. Run 'pod install' or update your CocoaPods installation.\" >&2\n    exit 1\nfi\n# This output is used by Xcode 'outputs' to avoid re-running this script phase.\necho \"SUCCESS\" > \"${SCRIPT_OUTPUT_FILE_0}\"\n";
			showEnvVarsInLog = 0;
		};
		7D7980B6437022E6D6999BE9 /* [CP] Embed Pods Frameworks */ = {
			isa = PBXShellScriptBuildPhase;
			buildActionMask = 2147483647;
			files = (
			);
			inputPaths = (
				"${PODS_ROOT}/Target Support Files/Pods-SwiftUITarget/Pods-SwiftUITarget-frameworks.sh",
				"${BUILT_PRODUCTS_DIR}/DITranquillity/DITranquillity.framework",
				"${BUILT_PRODUCTS_DIR}/SwiftLazy/SwiftLazy.framework",
			);
			name = "[CP] Embed Pods Frameworks";
			outputPaths = (
				"${TARGET_BUILD_DIR}/${FRAMEWORKS_FOLDER_PATH}/DITranquillity.framework",
				"${TARGET_BUILD_DIR}/${FRAMEWORKS_FOLDER_PATH}/SwiftLazy.framework",
			);
			runOnlyForDeploymentPostprocessing = 0;
			shellPath = /bin/sh;
			shellScript = "\"${PODS_ROOT}/Target Support Files/Pods-SwiftUITarget/Pods-SwiftUITarget-frameworks.sh\"\n";
			showEnvVarsInLog = 0;
		};
/* End PBXShellScriptBuildPhase section */

/* Begin PBXSourcesBuildPhase section */
		C32606DD25701A23000405B6 /* Sources */ = {
			isa = PBXSourcesBuildPhase;
			buildActionMask = 2147483647;
			files = (
				C326079825701B89000405B6 /* ChildVC.swift in Sources */,
				C326079A25701B89000405B6 /* TestStore.swift in Sources */,
				C326079D25701B89000405B6 /* Router.swift in Sources */,
				C32606E825701A23000405B6 /* ViewController.swift in Sources */,
				C326079E25701B89000405B6 /* UIColor+.swift in Sources */,
				C326079C25701B89000405B6 /* MenuTVC.swift in Sources */,
				C32606E425701A23000405B6 /* AppDelegate.swift in Sources */,
				C326079725701B89000405B6 /* CounterState.swift in Sources */,
				C32607A025701B89000405B6 /* BaseVC.swift in Sources */,
				C32606E625701A23000405B6 /* SceneDelegate.swift in Sources */,
				C326079F25701B89000405B6 /* BaseWithProps.swift in Sources */,
				C326079B25701B89000405B6 /* ApiService.swift in Sources */,
				C326079925701B89000405B6 /* SceneDelegate.swift in Sources */,
			);
			runOnlyForDeploymentPostprocessing = 0;
		};
		C326070025701A40000405B6 /* Sources */ = {
			isa = PBXSourcesBuildPhase;
			buildActionMask = 2147483647;
			files = (
				C32607BF25701CCA000405B6 /* TestView.swift in Sources */,
				C32607C125701CCA000405B6 /* TestStore.swift in Sources */,
				C32607C025701CCA000405B6 /* CounterState.swift in Sources */,
				C326070725701A40000405B6 /* SwiftUITargetApp.swift in Sources */,
				C32607BD25701CCA000405B6 /* ApiInteractor.swift in Sources */,
				C32607BE25701CCA000405B6 /* TestView2.swift in Sources */,
			);
			runOnlyForDeploymentPostprocessing = 0;
		};
		OBJ_107 /* Sources */ = {
			isa = PBXSourcesBuildPhase;
			buildActionMask = 0;
			files = (
				OBJ_108 /* Package.swift in Sources */,
			);
			runOnlyForDeploymentPostprocessing = 0;
		};
		OBJ_112 /* Sources */ = {
			isa = PBXSourcesBuildPhase;
			buildActionMask = 0;
			files = (
				OBJ_113 /* Algorithm.swift in Sources */,
				OBJ_114 /* AnyDifferentiable.swift in Sources */,
				OBJ_115 /* ArraySection.swift in Sources */,
				OBJ_116 /* Changeset.swift in Sources */,
				OBJ_117 /* ContentEquatable.swift in Sources */,
				OBJ_118 /* ContentIdentifiable.swift in Sources */,
				OBJ_119 /* Differentiable.swift in Sources */,
				OBJ_120 /* DifferentiableSection.swift in Sources */,
				OBJ_121 /* ElementPath.swift in Sources */,
				OBJ_122 /* AppKitExtension.swift in Sources */,
				OBJ_123 /* UIKitExtension.swift in Sources */,
				OBJ_124 /* StagedChangeset.swift in Sources */,
			);
			runOnlyForDeploymentPostprocessing = 0;
		};
		OBJ_130 /* Sources */ = {
			isa = PBXSourcesBuildPhase;
			buildActionMask = 0;
			files = (
				OBJ_131 /* Package.swift in Sources */,
			);
			runOnlyForDeploymentPostprocessing = 0;
		};
		OBJ_136 /* Sources */ = {
			isa = PBXSourcesBuildPhase;
			buildActionMask = 0;
			files = (
				OBJ_137 /* Action.swift in Sources */,
				OBJ_138 /* Interactor.swift in Sources */,
				OBJ_139 /* Middleware.swift in Sources */,
				OBJ_140 /* SideEffects.swift in Sources */,
				OBJ_141 /* State.swift in Sources */,
				OBJ_142 /* Store.swift in Sources */,
				OBJ_143 /* StoreSubscriber.swift in Sources */,
				OBJ_144 /* Subscription.swift in Sources */,
				OBJ_145 /* Assertions.swift in Sources */,
				OBJ_146 /* Coding.swift in Sources */,
				OBJ_147 /* TypeHelper.swift in Sources */,
			);
			runOnlyForDeploymentPostprocessing = 0;
		};
		OBJ_153 /* Sources */ = {
			isa = PBXSourcesBuildPhase;
			buildActionMask = 0;
			files = (
				OBJ_154 /* Package.swift in Sources */,
			);
			runOnlyForDeploymentPostprocessing = 0;
		};
		OBJ_159 /* Sources */ = {
			isa = PBXSourcesBuildPhase;
			buildActionMask = 0;
			files = (
				OBJ_160 /* CVC.swift in Sources */,
				OBJ_161 /* Presenter.swift in Sources */,
				OBJ_162 /* ReduxVMSettings.swift in Sources */,
				OBJ_163 /* SwiftUIPresenter.swift in Sources */,
				OBJ_164 /* TVC.swift in Sources */,
				C3DF38A5259FFF5A00182A07 /* GraphPresenter.swift in Sources */,
				OBJ_165 /* VC.swift in Sources */,
			);
			runOnlyForDeploymentPostprocessing = 0;
		};
		OBJ_177 /* Sources */ = {
			isa = PBXSourcesBuildPhase;
			buildActionMask = 0;
			files = (
				OBJ_178 /* Package.swift in Sources */,
			);
			runOnlyForDeploymentPostprocessing = 0;
		};
		OBJ_188 /* Sources */ = {
			isa = PBXSourcesBuildPhase;
			buildActionMask = 0;
			files = (
				OBJ_189 /* ReduxVMTests.swift in Sources */,
				OBJ_190 /* XCTestManifests.swift in Sources */,
			);
			runOnlyForDeploymentPostprocessing = 0;
		};
		OBJ_85 /* Sources */ = {
			isa = PBXSourcesBuildPhase;
			buildActionMask = 0;
			files = (
				OBJ_86 /* CellModel.swift in Sources */,
				OBJ_87 /* Command.swift in Sources */,
				OBJ_88 /* SelectableCell.swift in Sources */,
				OBJ_89 /* CollectionDS.swift in Sources */,
				OBJ_90 /* CollectionModel.swift in Sources */,
				OBJ_91 /* DeclarativeCVC.swift in Sources */,
				OBJ_92 /* DeclarativeTVC+Animations.swift in Sources */,
				OBJ_93 /* DeclarativeTVC.swift in Sources */,
				OBJ_94 /* TableDS.swift in Sources */,
				OBJ_95 /* TableFooterModel.swift in Sources */,
				OBJ_96 /* TableHeaderModel.swift in Sources */,
				OBJ_97 /* TableModel.swift in Sources */,
				OBJ_98 /* UITableView+.swift in Sources */,
			);
			runOnlyForDeploymentPostprocessing = 0;
		};
/* End PBXSourcesBuildPhase section */

/* Begin PBXTargetDependency section */
		C326075E25701ACD000405B6 /* PBXTargetDependency */ = {
			isa = PBXTargetDependency;
			target = "ReduxVM::ReduxVM" /* ReduxVM */;
			targetProxy = C326075D25701ACD000405B6 /* PBXContainerItemProxy */;
		};
		C32607DF25701CFA000405B6 /* PBXTargetDependency */ = {
			isa = PBXTargetDependency;
			target = "ReduxVM::ReduxVM" /* ReduxVM */;
			targetProxy = C32607DE25701CFA000405B6 /* PBXContainerItemProxy */;
		};
		OBJ_101 /* PBXTargetDependency */ = {
			isa = PBXTargetDependency;
			target = "DifferenceKit::DifferenceKit" /* DifferenceKit */;
			targetProxy = C32606C2257019CD000405B6 /* PBXContainerItemProxy */;
		};
		OBJ_170 /* PBXTargetDependency */ = {
			isa = PBXTargetDependency;
			target = "RedSwift::RedSwift" /* RedSwift */;
			targetProxy = C32606C0257019CD000405B6 /* PBXContainerItemProxy */;
		};
		OBJ_171 /* PBXTargetDependency */ = {
			isa = PBXTargetDependency;
			target = "DeclarativeTVC::DeclarativeTVC" /* DeclarativeTVC */;
			targetProxy = C32606C1257019CD000405B6 /* PBXContainerItemProxy */;
		};
		OBJ_172 /* PBXTargetDependency */ = {
			isa = PBXTargetDependency;
			target = "DifferenceKit::DifferenceKit" /* DifferenceKit */;
			targetProxy = C32606C3257019CD000405B6 /* PBXContainerItemProxy */;
		};
		OBJ_183 /* PBXTargetDependency */ = {
			isa = PBXTargetDependency;
			target = "ReduxVM::ReduxVMTests" /* ReduxVMTests */;
			targetProxy = C32606D0257019CF000405B6 /* PBXContainerItemProxy */;
		};
		OBJ_196 /* PBXTargetDependency */ = {
			isa = PBXTargetDependency;
			target = "ReduxVM::ReduxVM" /* ReduxVM */;
			targetProxy = C32606C4257019CE000405B6 /* PBXContainerItemProxy */;
		};
		OBJ_197 /* PBXTargetDependency */ = {
			isa = PBXTargetDependency;
			target = "RedSwift::RedSwift" /* RedSwift */;
			targetProxy = C32606C5257019CE000405B6 /* PBXContainerItemProxy */;
		};
		OBJ_198 /* PBXTargetDependency */ = {
			isa = PBXTargetDependency;
			target = "DeclarativeTVC::DeclarativeTVC" /* DeclarativeTVC */;
			targetProxy = C32606C6257019CE000405B6 /* PBXContainerItemProxy */;
		};
		OBJ_199 /* PBXTargetDependency */ = {
			isa = PBXTargetDependency;
			target = "DifferenceKit::DifferenceKit" /* DifferenceKit */;
			targetProxy = C32606C7257019CE000405B6 /* PBXContainerItemProxy */;
		};
/* End PBXTargetDependency section */

/* Begin PBXVariantGroup section */
		C32606E925701A23000405B6 /* Main.storyboard */ = {
			isa = PBXVariantGroup;
			children = (
				C32606EA25701A23000405B6 /* Base */,
			);
			name = Main.storyboard;
			sourceTree = "<group>";
		};
		C32606EE25701A24000405B6 /* LaunchScreen.storyboard */ = {
			isa = PBXVariantGroup;
			children = (
				C32606EF25701A24000405B6 /* Base */,
			);
			name = LaunchScreen.storyboard;
			sourceTree = "<group>";
		};
/* End PBXVariantGroup section */

/* Begin XCBuildConfiguration section */
		C32606F225701A24000405B6 /* Debug */ = {
			isa = XCBuildConfiguration;
			baseConfigurationReference = 920A44A6A6D3F2F6B2F2B4A4 /* Pods-Example.debug.xcconfig */;
			buildSettings = {
				ALWAYS_SEARCH_USER_PATHS = NO;
				ASSETCATALOG_COMPILER_APPICON_NAME = AppIcon;
				ASSETCATALOG_COMPILER_GLOBAL_ACCENT_COLOR_NAME = AccentColor;
				CLANG_ANALYZER_NONNULL = YES;
				CLANG_ANALYZER_NUMBER_OBJECT_CONVERSION = YES_AGGRESSIVE;
				CLANG_CXX_LANGUAGE_STANDARD = "gnu++14";
				CLANG_CXX_LIBRARY = "libc++";
				CLANG_ENABLE_MODULES = YES;
				CLANG_ENABLE_OBJC_WEAK = YES;
				CLANG_WARN_BLOCK_CAPTURE_AUTORELEASING = YES;
				CLANG_WARN_BOOL_CONVERSION = YES;
				CLANG_WARN_COMMA = YES;
				CLANG_WARN_CONSTANT_CONVERSION = YES;
				CLANG_WARN_DEPRECATED_OBJC_IMPLEMENTATIONS = YES;
				CLANG_WARN_DIRECT_OBJC_ISA_USAGE = YES_ERROR;
				CLANG_WARN_DOCUMENTATION_COMMENTS = YES;
				CLANG_WARN_EMPTY_BODY = YES;
				CLANG_WARN_ENUM_CONVERSION = YES;
				CLANG_WARN_INFINITE_RECURSION = YES;
				CLANG_WARN_INT_CONVERSION = YES;
				CLANG_WARN_NON_LITERAL_NULL_CONVERSION = YES;
				CLANG_WARN_OBJC_IMPLICIT_RETAIN_SELF = YES;
				CLANG_WARN_OBJC_LITERAL_CONVERSION = YES;
				CLANG_WARN_OBJC_ROOT_CLASS = YES_ERROR;
				CLANG_WARN_QUOTED_INCLUDE_IN_FRAMEWORK_HEADER = YES;
				CLANG_WARN_RANGE_LOOP_ANALYSIS = YES;
				CLANG_WARN_STRICT_PROTOTYPES = YES;
				CLANG_WARN_SUSPICIOUS_MOVE = YES;
				CLANG_WARN_UNGUARDED_AVAILABILITY = YES_AGGRESSIVE;
				CLANG_WARN_UNREACHABLE_CODE = YES;
				CLANG_WARN__DUPLICATE_METHOD_MATCH = YES;
				CODE_SIGN_STYLE = Automatic;
				DEVELOPMENT_TEAM = 42K94E5YQD;
				ENABLE_STRICT_OBJC_MSGSEND = YES;
				ENABLE_TESTABILITY = YES;
				GCC_C_LANGUAGE_STANDARD = gnu11;
				GCC_DYNAMIC_NO_PIC = NO;
				GCC_NO_COMMON_BLOCKS = YES;
				GCC_PREPROCESSOR_DEFINITIONS = (
					"DEBUG=1",
					"$(inherited)",
				);
				GCC_WARN_64_TO_32_BIT_CONVERSION = YES;
				GCC_WARN_ABOUT_RETURN_TYPE = YES_ERROR;
				GCC_WARN_UNDECLARED_SELECTOR = YES;
				GCC_WARN_UNINITIALIZED_AUTOS = YES_AGGRESSIVE;
				GCC_WARN_UNUSED_FUNCTION = YES;
				GCC_WARN_UNUSED_VARIABLE = YES;
				INFOPLIST_FILE = Example/Info.plist;
				IPHONEOS_DEPLOYMENT_TARGET = 14.2;
				LD_RUNPATH_SEARCH_PATHS = "$(inherited) @executable_path/Frameworks";
				MTL_ENABLE_DEBUG_INFO = INCLUDE_SOURCE;
				MTL_FAST_MATH = YES;
				PRODUCT_BUNDLE_IDENTIFIER = com.kocherovets.Example;
				PRODUCT_NAME = "$(TARGET_NAME)";
				SDKROOT = iphoneos;
				SWIFT_ACTIVE_COMPILATION_CONDITIONS = DEBUG;
				SWIFT_VERSION = 5.0;
				TARGETED_DEVICE_FAMILY = "1,2";
			};
			name = Debug;
		};
		C32606F325701A24000405B6 /* Release */ = {
			isa = XCBuildConfiguration;
			baseConfigurationReference = 4A074B9FE8FB19A39C8E5772 /* Pods-Example.release.xcconfig */;
			buildSettings = {
				ALWAYS_SEARCH_USER_PATHS = NO;
				ASSETCATALOG_COMPILER_APPICON_NAME = AppIcon;
				ASSETCATALOG_COMPILER_GLOBAL_ACCENT_COLOR_NAME = AccentColor;
				CLANG_ANALYZER_NONNULL = YES;
				CLANG_ANALYZER_NUMBER_OBJECT_CONVERSION = YES_AGGRESSIVE;
				CLANG_CXX_LANGUAGE_STANDARD = "gnu++14";
				CLANG_CXX_LIBRARY = "libc++";
				CLANG_ENABLE_MODULES = YES;
				CLANG_ENABLE_OBJC_WEAK = YES;
				CLANG_WARN_BLOCK_CAPTURE_AUTORELEASING = YES;
				CLANG_WARN_BOOL_CONVERSION = YES;
				CLANG_WARN_COMMA = YES;
				CLANG_WARN_CONSTANT_CONVERSION = YES;
				CLANG_WARN_DEPRECATED_OBJC_IMPLEMENTATIONS = YES;
				CLANG_WARN_DIRECT_OBJC_ISA_USAGE = YES_ERROR;
				CLANG_WARN_DOCUMENTATION_COMMENTS = YES;
				CLANG_WARN_EMPTY_BODY = YES;
				CLANG_WARN_ENUM_CONVERSION = YES;
				CLANG_WARN_INFINITE_RECURSION = YES;
				CLANG_WARN_INT_CONVERSION = YES;
				CLANG_WARN_NON_LITERAL_NULL_CONVERSION = YES;
				CLANG_WARN_OBJC_IMPLICIT_RETAIN_SELF = YES;
				CLANG_WARN_OBJC_LITERAL_CONVERSION = YES;
				CLANG_WARN_OBJC_ROOT_CLASS = YES_ERROR;
				CLANG_WARN_QUOTED_INCLUDE_IN_FRAMEWORK_HEADER = YES;
				CLANG_WARN_RANGE_LOOP_ANALYSIS = YES;
				CLANG_WARN_STRICT_PROTOTYPES = YES;
				CLANG_WARN_SUSPICIOUS_MOVE = YES;
				CLANG_WARN_UNGUARDED_AVAILABILITY = YES_AGGRESSIVE;
				CLANG_WARN_UNREACHABLE_CODE = YES;
				CLANG_WARN__DUPLICATE_METHOD_MATCH = YES;
				CODE_SIGN_STYLE = Automatic;
				COPY_PHASE_STRIP = NO;
				DEVELOPMENT_TEAM = 42K94E5YQD;
				ENABLE_NS_ASSERTIONS = NO;
				ENABLE_STRICT_OBJC_MSGSEND = YES;
				GCC_C_LANGUAGE_STANDARD = gnu11;
				GCC_NO_COMMON_BLOCKS = YES;
				GCC_WARN_64_TO_32_BIT_CONVERSION = YES;
				GCC_WARN_ABOUT_RETURN_TYPE = YES_ERROR;
				GCC_WARN_UNDECLARED_SELECTOR = YES;
				GCC_WARN_UNINITIALIZED_AUTOS = YES_AGGRESSIVE;
				GCC_WARN_UNUSED_FUNCTION = YES;
				GCC_WARN_UNUSED_VARIABLE = YES;
				INFOPLIST_FILE = Example/Info.plist;
				IPHONEOS_DEPLOYMENT_TARGET = 14.2;
				LD_RUNPATH_SEARCH_PATHS = "$(inherited) @executable_path/Frameworks";
				MTL_ENABLE_DEBUG_INFO = NO;
				MTL_FAST_MATH = YES;
				PRODUCT_BUNDLE_IDENTIFIER = com.kocherovets.Example;
				PRODUCT_NAME = "$(TARGET_NAME)";
				SDKROOT = iphoneos;
				SWIFT_VERSION = 5.0;
				TARGETED_DEVICE_FAMILY = "1,2";
				VALIDATE_PRODUCT = YES;
			};
			name = Release;
		};
		C326071125701A40000405B6 /* Debug */ = {
			isa = XCBuildConfiguration;
			baseConfigurationReference = 6BACA3F23D92025FD7FE6D89 /* Pods-SwiftUITarget.debug.xcconfig */;
			buildSettings = {
				ALWAYS_SEARCH_USER_PATHS = NO;
				ASSETCATALOG_COMPILER_APPICON_NAME = AppIcon;
				ASSETCATALOG_COMPILER_GLOBAL_ACCENT_COLOR_NAME = AccentColor;
				CLANG_ANALYZER_NONNULL = YES;
				CLANG_ANALYZER_NUMBER_OBJECT_CONVERSION = YES_AGGRESSIVE;
				CLANG_CXX_LANGUAGE_STANDARD = "gnu++14";
				CLANG_CXX_LIBRARY = "libc++";
				CLANG_ENABLE_MODULES = YES;
				CLANG_ENABLE_OBJC_WEAK = YES;
				CLANG_WARN_BLOCK_CAPTURE_AUTORELEASING = YES;
				CLANG_WARN_BOOL_CONVERSION = YES;
				CLANG_WARN_COMMA = YES;
				CLANG_WARN_CONSTANT_CONVERSION = YES;
				CLANG_WARN_DEPRECATED_OBJC_IMPLEMENTATIONS = YES;
				CLANG_WARN_DIRECT_OBJC_ISA_USAGE = YES_ERROR;
				CLANG_WARN_DOCUMENTATION_COMMENTS = YES;
				CLANG_WARN_EMPTY_BODY = YES;
				CLANG_WARN_ENUM_CONVERSION = YES;
				CLANG_WARN_INFINITE_RECURSION = YES;
				CLANG_WARN_INT_CONVERSION = YES;
				CLANG_WARN_NON_LITERAL_NULL_CONVERSION = YES;
				CLANG_WARN_OBJC_IMPLICIT_RETAIN_SELF = YES;
				CLANG_WARN_OBJC_LITERAL_CONVERSION = YES;
				CLANG_WARN_OBJC_ROOT_CLASS = YES_ERROR;
				CLANG_WARN_QUOTED_INCLUDE_IN_FRAMEWORK_HEADER = YES;
				CLANG_WARN_RANGE_LOOP_ANALYSIS = YES;
				CLANG_WARN_STRICT_PROTOTYPES = YES;
				CLANG_WARN_SUSPICIOUS_MOVE = YES;
				CLANG_WARN_UNGUARDED_AVAILABILITY = YES_AGGRESSIVE;
				CLANG_WARN_UNREACHABLE_CODE = YES;
				CLANG_WARN__DUPLICATE_METHOD_MATCH = YES;
				CODE_SIGN_STYLE = Automatic;
				DEVELOPMENT_ASSET_PATHS = "\"SwiftUITarget/Preview Content\"";
				DEVELOPMENT_TEAM = 42K94E5YQD;
				ENABLE_PREVIEWS = YES;
				ENABLE_STRICT_OBJC_MSGSEND = YES;
				ENABLE_TESTABILITY = YES;
				GCC_C_LANGUAGE_STANDARD = gnu11;
				GCC_DYNAMIC_NO_PIC = NO;
				GCC_NO_COMMON_BLOCKS = YES;
				GCC_PREPROCESSOR_DEFINITIONS = (
					"DEBUG=1",
					"$(inherited)",
				);
				GCC_WARN_64_TO_32_BIT_CONVERSION = YES;
				GCC_WARN_ABOUT_RETURN_TYPE = YES_ERROR;
				GCC_WARN_UNDECLARED_SELECTOR = YES;
				GCC_WARN_UNINITIALIZED_AUTOS = YES_AGGRESSIVE;
				GCC_WARN_UNUSED_FUNCTION = YES;
				GCC_WARN_UNUSED_VARIABLE = YES;
				INFOPLIST_FILE = SwiftUITarget/Info.plist;
				IPHONEOS_DEPLOYMENT_TARGET = 14.2;
				LD_RUNPATH_SEARCH_PATHS = "$(inherited) @executable_path/Frameworks";
				MTL_ENABLE_DEBUG_INFO = INCLUDE_SOURCE;
				MTL_FAST_MATH = YES;
				PRODUCT_BUNDLE_IDENTIFIER = com.kocherovets.SwiftUITarget;
				PRODUCT_NAME = "$(TARGET_NAME)";
				SDKROOT = iphoneos;
				SWIFT_ACTIVE_COMPILATION_CONDITIONS = DEBUG;
				SWIFT_VERSION = 5.0;
				TARGETED_DEVICE_FAMILY = "1,2";
			};
			name = Debug;
		};
		C326071225701A40000405B6 /* Release */ = {
			isa = XCBuildConfiguration;
			baseConfigurationReference = E771D6953AFC7E3055436937 /* Pods-SwiftUITarget.release.xcconfig */;
			buildSettings = {
				ALWAYS_SEARCH_USER_PATHS = NO;
				ASSETCATALOG_COMPILER_APPICON_NAME = AppIcon;
				ASSETCATALOG_COMPILER_GLOBAL_ACCENT_COLOR_NAME = AccentColor;
				CLANG_ANALYZER_NONNULL = YES;
				CLANG_ANALYZER_NUMBER_OBJECT_CONVERSION = YES_AGGRESSIVE;
				CLANG_CXX_LANGUAGE_STANDARD = "gnu++14";
				CLANG_CXX_LIBRARY = "libc++";
				CLANG_ENABLE_MODULES = YES;
				CLANG_ENABLE_OBJC_WEAK = YES;
				CLANG_WARN_BLOCK_CAPTURE_AUTORELEASING = YES;
				CLANG_WARN_BOOL_CONVERSION = YES;
				CLANG_WARN_COMMA = YES;
				CLANG_WARN_CONSTANT_CONVERSION = YES;
				CLANG_WARN_DEPRECATED_OBJC_IMPLEMENTATIONS = YES;
				CLANG_WARN_DIRECT_OBJC_ISA_USAGE = YES_ERROR;
				CLANG_WARN_DOCUMENTATION_COMMENTS = YES;
				CLANG_WARN_EMPTY_BODY = YES;
				CLANG_WARN_ENUM_CONVERSION = YES;
				CLANG_WARN_INFINITE_RECURSION = YES;
				CLANG_WARN_INT_CONVERSION = YES;
				CLANG_WARN_NON_LITERAL_NULL_CONVERSION = YES;
				CLANG_WARN_OBJC_IMPLICIT_RETAIN_SELF = YES;
				CLANG_WARN_OBJC_LITERAL_CONVERSION = YES;
				CLANG_WARN_OBJC_ROOT_CLASS = YES_ERROR;
				CLANG_WARN_QUOTED_INCLUDE_IN_FRAMEWORK_HEADER = YES;
				CLANG_WARN_RANGE_LOOP_ANALYSIS = YES;
				CLANG_WARN_STRICT_PROTOTYPES = YES;
				CLANG_WARN_SUSPICIOUS_MOVE = YES;
				CLANG_WARN_UNGUARDED_AVAILABILITY = YES_AGGRESSIVE;
				CLANG_WARN_UNREACHABLE_CODE = YES;
				CLANG_WARN__DUPLICATE_METHOD_MATCH = YES;
				CODE_SIGN_STYLE = Automatic;
				COPY_PHASE_STRIP = NO;
				DEVELOPMENT_ASSET_PATHS = "\"SwiftUITarget/Preview Content\"";
				DEVELOPMENT_TEAM = 42K94E5YQD;
				ENABLE_NS_ASSERTIONS = NO;
				ENABLE_PREVIEWS = YES;
				ENABLE_STRICT_OBJC_MSGSEND = YES;
				GCC_C_LANGUAGE_STANDARD = gnu11;
				GCC_NO_COMMON_BLOCKS = YES;
				GCC_WARN_64_TO_32_BIT_CONVERSION = YES;
				GCC_WARN_ABOUT_RETURN_TYPE = YES_ERROR;
				GCC_WARN_UNDECLARED_SELECTOR = YES;
				GCC_WARN_UNINITIALIZED_AUTOS = YES_AGGRESSIVE;
				GCC_WARN_UNUSED_FUNCTION = YES;
				GCC_WARN_UNUSED_VARIABLE = YES;
				INFOPLIST_FILE = SwiftUITarget/Info.plist;
				IPHONEOS_DEPLOYMENT_TARGET = 14.2;
				LD_RUNPATH_SEARCH_PATHS = "$(inherited) @executable_path/Frameworks";
				MTL_ENABLE_DEBUG_INFO = NO;
				MTL_FAST_MATH = YES;
				PRODUCT_BUNDLE_IDENTIFIER = com.kocherovets.SwiftUITarget;
				PRODUCT_NAME = "$(TARGET_NAME)";
				SDKROOT = iphoneos;
				SWIFT_VERSION = 5.0;
				TARGETED_DEVICE_FAMILY = "1,2";
				VALIDATE_PRODUCT = YES;
			};
			name = Release;
		};
		OBJ_105 /* Debug */ = {
			isa = XCBuildConfiguration;
			buildSettings = {
				LD = /usr/bin/true;
				OTHER_SWIFT_FLAGS = "-swift-version 5 -I $(TOOLCHAIN_DIR)/usr/lib/swift/pm/4_2 -sdk /Applications/Xcode.app/Contents/Developer/Platforms/MacOSX.platform/Developer/SDKs/MacOSX11.0.sdk -package-description-version 5.3.0";
				SWIFT_VERSION = 5.0;
			};
			name = Debug;
		};
		OBJ_106 /* Release */ = {
			isa = XCBuildConfiguration;
			buildSettings = {
				LD = /usr/bin/true;
				OTHER_SWIFT_FLAGS = "-swift-version 5 -I $(TOOLCHAIN_DIR)/usr/lib/swift/pm/4_2 -sdk /Applications/Xcode.app/Contents/Developer/Platforms/MacOSX.platform/Developer/SDKs/MacOSX11.0.sdk -package-description-version 5.3.0";
				SWIFT_VERSION = 5.0;
			};
			name = Release;
		};
		OBJ_110 /* Debug */ = {
			isa = XCBuildConfiguration;
			buildSettings = {
				ENABLE_TESTABILITY = YES;
				FRAMEWORK_SEARCH_PATHS = (
					"$(inherited)",
					"$(PLATFORM_DIR)/Developer/Library/Frameworks",
				);
				HEADER_SEARCH_PATHS = "$(inherited)";
				INFOPLIST_FILE = ReduxVM.xcodeproj/DifferenceKit_Info.plist;
				IPHONEOS_DEPLOYMENT_TARGET = 12.0;
				LD_RUNPATH_SEARCH_PATHS = "$(inherited) $(TOOLCHAIN_DIR)/usr/lib/swift/macosx";
				MACOSX_DEPLOYMENT_TARGET = 10.10;
				OTHER_CFLAGS = "$(inherited)";
				OTHER_LDFLAGS = "$(inherited)";
				OTHER_SWIFT_FLAGS = "$(inherited)";
				PRODUCT_BUNDLE_IDENTIFIER = DifferenceKit;
				PRODUCT_MODULE_NAME = "$(TARGET_NAME:c99extidentifier)";
				PRODUCT_NAME = "$(TARGET_NAME:c99extidentifier)";
				SKIP_INSTALL = YES;
				SWIFT_ACTIVE_COMPILATION_CONDITIONS = "$(inherited)";
				SWIFT_VERSION = 5.0;
				TARGET_NAME = DifferenceKit;
				TVOS_DEPLOYMENT_TARGET = 12.0;
				WATCHOS_DEPLOYMENT_TARGET = 2.0;
			};
			name = Debug;
		};
		OBJ_111 /* Release */ = {
			isa = XCBuildConfiguration;
			buildSettings = {
				ENABLE_TESTABILITY = YES;
				FRAMEWORK_SEARCH_PATHS = (
					"$(inherited)",
					"$(PLATFORM_DIR)/Developer/Library/Frameworks",
				);
				HEADER_SEARCH_PATHS = "$(inherited)";
				INFOPLIST_FILE = ReduxVM.xcodeproj/DifferenceKit_Info.plist;
				IPHONEOS_DEPLOYMENT_TARGET = 12.0;
				LD_RUNPATH_SEARCH_PATHS = "$(inherited) $(TOOLCHAIN_DIR)/usr/lib/swift/macosx";
				MACOSX_DEPLOYMENT_TARGET = 10.10;
				OTHER_CFLAGS = "$(inherited)";
				OTHER_LDFLAGS = "$(inherited)";
				OTHER_SWIFT_FLAGS = "$(inherited)";
				PRODUCT_BUNDLE_IDENTIFIER = DifferenceKit;
				PRODUCT_MODULE_NAME = "$(TARGET_NAME:c99extidentifier)";
				PRODUCT_NAME = "$(TARGET_NAME:c99extidentifier)";
				SKIP_INSTALL = YES;
				SWIFT_ACTIVE_COMPILATION_CONDITIONS = "$(inherited)";
				SWIFT_VERSION = 5.0;
				TARGET_NAME = DifferenceKit;
				TVOS_DEPLOYMENT_TARGET = 12.0;
				WATCHOS_DEPLOYMENT_TARGET = 2.0;
			};
			name = Release;
		};
		OBJ_128 /* Debug */ = {
			isa = XCBuildConfiguration;
			buildSettings = {
				LD = /usr/bin/true;
				OTHER_SWIFT_FLAGS = "-swift-version 5 -I $(TOOLCHAIN_DIR)/usr/lib/swift/pm/4_2 -sdk /Applications/Xcode.app/Contents/Developer/Platforms/MacOSX.platform/Developer/SDKs/MacOSX11.0.sdk -package-description-version 5.0.0";
				SWIFT_VERSION = 5.0;
			};
			name = Debug;
		};
		OBJ_129 /* Release */ = {
			isa = XCBuildConfiguration;
			buildSettings = {
				LD = /usr/bin/true;
				OTHER_SWIFT_FLAGS = "-swift-version 5 -I $(TOOLCHAIN_DIR)/usr/lib/swift/pm/4_2 -sdk /Applications/Xcode.app/Contents/Developer/Platforms/MacOSX.platform/Developer/SDKs/MacOSX11.0.sdk -package-description-version 5.0.0";
				SWIFT_VERSION = 5.0;
			};
			name = Release;
		};
		OBJ_134 /* Debug */ = {
			isa = XCBuildConfiguration;
			buildSettings = {
				ENABLE_TESTABILITY = YES;
				FRAMEWORK_SEARCH_PATHS = (
					"$(inherited)",
					"$(PLATFORM_DIR)/Developer/Library/Frameworks",
				);
				HEADER_SEARCH_PATHS = "$(inherited)";
				INFOPLIST_FILE = ReduxVM.xcodeproj/RedSwift_Info.plist;
				IPHONEOS_DEPLOYMENT_TARGET = 12.0;
				LD_RUNPATH_SEARCH_PATHS = "$(inherited) $(TOOLCHAIN_DIR)/usr/lib/swift/macosx";
				MACOSX_DEPLOYMENT_TARGET = 10.10;
				OTHER_CFLAGS = "$(inherited)";
				OTHER_LDFLAGS = "$(inherited)";
				OTHER_SWIFT_FLAGS = "$(inherited)";
				PRODUCT_BUNDLE_IDENTIFIER = RedSwift;
				PRODUCT_MODULE_NAME = "$(TARGET_NAME:c99extidentifier)";
				PRODUCT_NAME = "$(TARGET_NAME:c99extidentifier)";
				SKIP_INSTALL = YES;
				SWIFT_ACTIVE_COMPILATION_CONDITIONS = "$(inherited)";
				SWIFT_VERSION = 5.0;
				TARGET_NAME = RedSwift;
				TVOS_DEPLOYMENT_TARGET = 12.0;
				WATCHOS_DEPLOYMENT_TARGET = 2.0;
			};
			name = Debug;
		};
		OBJ_135 /* Release */ = {
			isa = XCBuildConfiguration;
			buildSettings = {
				ENABLE_TESTABILITY = YES;
				FRAMEWORK_SEARCH_PATHS = (
					"$(inherited)",
					"$(PLATFORM_DIR)/Developer/Library/Frameworks",
				);
				HEADER_SEARCH_PATHS = "$(inherited)";
				INFOPLIST_FILE = ReduxVM.xcodeproj/RedSwift_Info.plist;
				IPHONEOS_DEPLOYMENT_TARGET = 12.0;
				LD_RUNPATH_SEARCH_PATHS = "$(inherited) $(TOOLCHAIN_DIR)/usr/lib/swift/macosx";
				MACOSX_DEPLOYMENT_TARGET = 10.10;
				OTHER_CFLAGS = "$(inherited)";
				OTHER_LDFLAGS = "$(inherited)";
				OTHER_SWIFT_FLAGS = "$(inherited)";
				PRODUCT_BUNDLE_IDENTIFIER = RedSwift;
				PRODUCT_MODULE_NAME = "$(TARGET_NAME:c99extidentifier)";
				PRODUCT_NAME = "$(TARGET_NAME:c99extidentifier)";
				SKIP_INSTALL = YES;
				SWIFT_ACTIVE_COMPILATION_CONDITIONS = "$(inherited)";
				SWIFT_VERSION = 5.0;
				TARGET_NAME = RedSwift;
				TVOS_DEPLOYMENT_TARGET = 12.0;
				WATCHOS_DEPLOYMENT_TARGET = 2.0;
			};
			name = Release;
		};
		OBJ_151 /* Debug */ = {
			isa = XCBuildConfiguration;
			buildSettings = {
				LD = /usr/bin/true;
				OTHER_SWIFT_FLAGS = "-swift-version 5 -I $(TOOLCHAIN_DIR)/usr/lib/swift/pm/4_2 -sdk /Applications/Xcode.app/Contents/Developer/Platforms/MacOSX.platform/Developer/SDKs/MacOSX11.0.sdk -package-description-version 5.3.0";
				SWIFT_VERSION = 5.0;
			};
			name = Debug;
		};
		OBJ_152 /* Release */ = {
			isa = XCBuildConfiguration;
			buildSettings = {
				LD = /usr/bin/true;
				OTHER_SWIFT_FLAGS = "-swift-version 5 -I $(TOOLCHAIN_DIR)/usr/lib/swift/pm/4_2 -sdk /Applications/Xcode.app/Contents/Developer/Platforms/MacOSX.platform/Developer/SDKs/MacOSX11.0.sdk -package-description-version 5.3.0";
				SWIFT_VERSION = 5.0;
			};
			name = Release;
		};
		OBJ_157 /* Debug */ = {
			isa = XCBuildConfiguration;
			buildSettings = {
				ENABLE_TESTABILITY = YES;
				FRAMEWORK_SEARCH_PATHS = (
					"$(inherited)",
					"$(PLATFORM_DIR)/Developer/Library/Frameworks",
				);
				HEADER_SEARCH_PATHS = "$(inherited)";
				INFOPLIST_FILE = ReduxVM.xcodeproj/ReduxVM_Info.plist;
				IPHONEOS_DEPLOYMENT_TARGET = 12.0;
				LD_RUNPATH_SEARCH_PATHS = "$(inherited) $(TOOLCHAIN_DIR)/usr/lib/swift/macosx";
				MACOSX_DEPLOYMENT_TARGET = 10.15;
				OTHER_CFLAGS = "$(inherited)";
				OTHER_LDFLAGS = "$(inherited)";
				OTHER_SWIFT_FLAGS = "$(inherited)";
				PRODUCT_BUNDLE_IDENTIFIER = ReduxVM;
				PRODUCT_MODULE_NAME = "$(TARGET_NAME:c99extidentifier)";
				PRODUCT_NAME = "$(TARGET_NAME:c99extidentifier)";
				SKIP_INSTALL = YES;
				SWIFT_ACTIVE_COMPILATION_CONDITIONS = "$(inherited)";
				SWIFT_VERSION = 5.0;
				TARGET_NAME = ReduxVM;
				TVOS_DEPLOYMENT_TARGET = 12.0;
				WATCHOS_DEPLOYMENT_TARGET = 2.0;
			};
			name = Debug;
		};
		OBJ_158 /* Release */ = {
			isa = XCBuildConfiguration;
			buildSettings = {
				ENABLE_TESTABILITY = YES;
				FRAMEWORK_SEARCH_PATHS = (
					"$(inherited)",
					"$(PLATFORM_DIR)/Developer/Library/Frameworks",
				);
				HEADER_SEARCH_PATHS = "$(inherited)";
				INFOPLIST_FILE = ReduxVM.xcodeproj/ReduxVM_Info.plist;
				IPHONEOS_DEPLOYMENT_TARGET = 12.0;
				LD_RUNPATH_SEARCH_PATHS = "$(inherited) $(TOOLCHAIN_DIR)/usr/lib/swift/macosx";
				MACOSX_DEPLOYMENT_TARGET = 10.15;
				OTHER_CFLAGS = "$(inherited)";
				OTHER_LDFLAGS = "$(inherited)";
				OTHER_SWIFT_FLAGS = "$(inherited)";
				PRODUCT_BUNDLE_IDENTIFIER = ReduxVM;
				PRODUCT_MODULE_NAME = "$(TARGET_NAME:c99extidentifier)";
				PRODUCT_NAME = "$(TARGET_NAME:c99extidentifier)";
				SKIP_INSTALL = YES;
				SWIFT_ACTIVE_COMPILATION_CONDITIONS = "$(inherited)";
				SWIFT_VERSION = 5.0;
				TARGET_NAME = ReduxVM;
				TVOS_DEPLOYMENT_TARGET = 12.0;
				WATCHOS_DEPLOYMENT_TARGET = 2.0;
			};
			name = Release;
		};
		OBJ_175 /* Debug */ = {
			isa = XCBuildConfiguration;
			buildSettings = {
				LD = /usr/bin/true;
				OTHER_SWIFT_FLAGS = "-swift-version 5 -I $(TOOLCHAIN_DIR)/usr/lib/swift/pm/4_2 -sdk /Applications/Xcode.app/Contents/Developer/Platforms/MacOSX.platform/Developer/SDKs/MacOSX11.0.sdk -package-description-version 5.3.0";
				SWIFT_VERSION = 5.0;
			};
			name = Debug;
		};
		OBJ_176 /* Release */ = {
			isa = XCBuildConfiguration;
			buildSettings = {
				LD = /usr/bin/true;
				OTHER_SWIFT_FLAGS = "-swift-version 5 -I $(TOOLCHAIN_DIR)/usr/lib/swift/pm/4_2 -sdk /Applications/Xcode.app/Contents/Developer/Platforms/MacOSX.platform/Developer/SDKs/MacOSX11.0.sdk -package-description-version 5.3.0";
				SWIFT_VERSION = 5.0;
			};
			name = Release;
		};
		OBJ_181 /* Debug */ = {
			isa = XCBuildConfiguration;
			buildSettings = {
			};
			name = Debug;
		};
		OBJ_182 /* Release */ = {
			isa = XCBuildConfiguration;
			buildSettings = {
			};
			name = Release;
		};
		OBJ_186 /* Debug */ = {
			isa = XCBuildConfiguration;
			buildSettings = {
				ALWAYS_EMBED_SWIFT_STANDARD_LIBRARIES = YES;
				CLANG_ENABLE_MODULES = YES;
				FRAMEWORK_SEARCH_PATHS = (
					"$(inherited)",
					"$(PLATFORM_DIR)/Developer/Library/Frameworks",
				);
				HEADER_SEARCH_PATHS = "$(inherited)";
				INFOPLIST_FILE = ReduxVM.xcodeproj/ReduxVMTests_Info.plist;
				IPHONEOS_DEPLOYMENT_TARGET = 14.0;
				LD_RUNPATH_SEARCH_PATHS = "$(inherited) @loader_path/../Frameworks @loader_path/Frameworks";
				MACOSX_DEPLOYMENT_TARGET = 10.15;
				OTHER_CFLAGS = "$(inherited)";
				OTHER_LDFLAGS = "$(inherited)";
				OTHER_SWIFT_FLAGS = "$(inherited)";
				SWIFT_ACTIVE_COMPILATION_CONDITIONS = "$(inherited)";
				SWIFT_VERSION = 5.0;
				TARGET_NAME = ReduxVMTests;
				TVOS_DEPLOYMENT_TARGET = 12.0;
				WATCHOS_DEPLOYMENT_TARGET = 2.0;
			};
			name = Debug;
		};
		OBJ_187 /* Release */ = {
			isa = XCBuildConfiguration;
			buildSettings = {
				ALWAYS_EMBED_SWIFT_STANDARD_LIBRARIES = YES;
				CLANG_ENABLE_MODULES = YES;
				FRAMEWORK_SEARCH_PATHS = (
					"$(inherited)",
					"$(PLATFORM_DIR)/Developer/Library/Frameworks",
				);
				HEADER_SEARCH_PATHS = "$(inherited)";
				INFOPLIST_FILE = ReduxVM.xcodeproj/ReduxVMTests_Info.plist;
				IPHONEOS_DEPLOYMENT_TARGET = 14.0;
				LD_RUNPATH_SEARCH_PATHS = "$(inherited) @loader_path/../Frameworks @loader_path/Frameworks";
				MACOSX_DEPLOYMENT_TARGET = 10.15;
				OTHER_CFLAGS = "$(inherited)";
				OTHER_LDFLAGS = "$(inherited)";
				OTHER_SWIFT_FLAGS = "$(inherited)";
				SWIFT_ACTIVE_COMPILATION_CONDITIONS = "$(inherited)";
				SWIFT_VERSION = 5.0;
				TARGET_NAME = ReduxVMTests;
				TVOS_DEPLOYMENT_TARGET = 12.0;
				WATCHOS_DEPLOYMENT_TARGET = 2.0;
			};
			name = Release;
		};
		OBJ_3 /* Debug */ = {
			isa = XCBuildConfiguration;
			buildSettings = {
				CLANG_ENABLE_OBJC_ARC = YES;
				CLANG_WARN_BLOCK_CAPTURE_AUTORELEASING = YES;
				CLANG_WARN_BOOL_CONVERSION = YES;
				CLANG_WARN_COMMA = YES;
				CLANG_WARN_CONSTANT_CONVERSION = YES;
				CLANG_WARN_DEPRECATED_OBJC_IMPLEMENTATIONS = YES;
				CLANG_WARN_EMPTY_BODY = YES;
				CLANG_WARN_ENUM_CONVERSION = YES;
				CLANG_WARN_INFINITE_RECURSION = YES;
				CLANG_WARN_INT_CONVERSION = YES;
				CLANG_WARN_NON_LITERAL_NULL_CONVERSION = YES;
				CLANG_WARN_OBJC_IMPLICIT_RETAIN_SELF = YES;
				CLANG_WARN_OBJC_LITERAL_CONVERSION = YES;
				CLANG_WARN_QUOTED_INCLUDE_IN_FRAMEWORK_HEADER = YES;
				CLANG_WARN_RANGE_LOOP_ANALYSIS = YES;
				CLANG_WARN_STRICT_PROTOTYPES = YES;
				CLANG_WARN_SUSPICIOUS_MOVE = YES;
				CLANG_WARN_UNREACHABLE_CODE = YES;
				CLANG_WARN__DUPLICATE_METHOD_MATCH = YES;
				COMBINE_HIDPI_IMAGES = YES;
				COPY_PHASE_STRIP = NO;
				DEBUG_INFORMATION_FORMAT = dwarf;
				DYLIB_INSTALL_NAME_BASE = "@rpath";
				ENABLE_NS_ASSERTIONS = YES;
				ENABLE_STRICT_OBJC_MSGSEND = YES;
				ENABLE_TESTABILITY = YES;
				GCC_NO_COMMON_BLOCKS = YES;
				GCC_OPTIMIZATION_LEVEL = 0;
				GCC_PREPROCESSOR_DEFINITIONS = (
					"$(inherited)",
					"SWIFT_PACKAGE=1",
					"DEBUG=1",
				);
				GCC_WARN_64_TO_32_BIT_CONVERSION = YES;
				GCC_WARN_ABOUT_RETURN_TYPE = YES;
				GCC_WARN_UNDECLARED_SELECTOR = YES;
				GCC_WARN_UNINITIALIZED_AUTOS = YES;
				GCC_WARN_UNUSED_FUNCTION = YES;
				GCC_WARN_UNUSED_VARIABLE = YES;
				MACOSX_DEPLOYMENT_TARGET = 10.10;
				ONLY_ACTIVE_ARCH = YES;
				OTHER_SWIFT_FLAGS = "$(inherited) -DXcode";
				PRODUCT_NAME = "$(TARGET_NAME)";
				SDKROOT = macosx;
				SUPPORTED_PLATFORMS = "macosx iphoneos iphonesimulator appletvos appletvsimulator watchos watchsimulator";
				SWIFT_ACTIVE_COMPILATION_CONDITIONS = "$(inherited) SWIFT_PACKAGE DEBUG";
				SWIFT_OPTIMIZATION_LEVEL = "-Onone";
				USE_HEADERMAP = NO;
			};
			name = Debug;
		};
		OBJ_4 /* Release */ = {
			isa = XCBuildConfiguration;
			buildSettings = {
				CLANG_ENABLE_OBJC_ARC = YES;
				CLANG_WARN_BLOCK_CAPTURE_AUTORELEASING = YES;
				CLANG_WARN_BOOL_CONVERSION = YES;
				CLANG_WARN_COMMA = YES;
				CLANG_WARN_CONSTANT_CONVERSION = YES;
				CLANG_WARN_DEPRECATED_OBJC_IMPLEMENTATIONS = YES;
				CLANG_WARN_EMPTY_BODY = YES;
				CLANG_WARN_ENUM_CONVERSION = YES;
				CLANG_WARN_INFINITE_RECURSION = YES;
				CLANG_WARN_INT_CONVERSION = YES;
				CLANG_WARN_NON_LITERAL_NULL_CONVERSION = YES;
				CLANG_WARN_OBJC_IMPLICIT_RETAIN_SELF = YES;
				CLANG_WARN_OBJC_LITERAL_CONVERSION = YES;
				CLANG_WARN_QUOTED_INCLUDE_IN_FRAMEWORK_HEADER = YES;
				CLANG_WARN_RANGE_LOOP_ANALYSIS = YES;
				CLANG_WARN_STRICT_PROTOTYPES = YES;
				CLANG_WARN_SUSPICIOUS_MOVE = YES;
				CLANG_WARN_UNREACHABLE_CODE = YES;
				CLANG_WARN__DUPLICATE_METHOD_MATCH = YES;
				COMBINE_HIDPI_IMAGES = YES;
				COPY_PHASE_STRIP = YES;
				DEBUG_INFORMATION_FORMAT = "dwarf-with-dsym";
				DYLIB_INSTALL_NAME_BASE = "@rpath";
				ENABLE_STRICT_OBJC_MSGSEND = YES;
				GCC_NO_COMMON_BLOCKS = YES;
				GCC_OPTIMIZATION_LEVEL = s;
				GCC_PREPROCESSOR_DEFINITIONS = (
					"$(inherited)",
					"SWIFT_PACKAGE=1",
				);
				GCC_WARN_64_TO_32_BIT_CONVERSION = YES;
				GCC_WARN_ABOUT_RETURN_TYPE = YES;
				GCC_WARN_UNDECLARED_SELECTOR = YES;
				GCC_WARN_UNINITIALIZED_AUTOS = YES;
				GCC_WARN_UNUSED_FUNCTION = YES;
				GCC_WARN_UNUSED_VARIABLE = YES;
				MACOSX_DEPLOYMENT_TARGET = 10.10;
				OTHER_SWIFT_FLAGS = "$(inherited) -DXcode";
				PRODUCT_NAME = "$(TARGET_NAME)";
				SDKROOT = macosx;
				SUPPORTED_PLATFORMS = "macosx iphoneos iphonesimulator appletvos appletvsimulator watchos watchsimulator";
				SWIFT_ACTIVE_COMPILATION_CONDITIONS = "$(inherited) SWIFT_PACKAGE";
				SWIFT_OPTIMIZATION_LEVEL = "-Owholemodule";
				USE_HEADERMAP = NO;
			};
			name = Release;
		};
		OBJ_83 /* Debug */ = {
			isa = XCBuildConfiguration;
			buildSettings = {
				ENABLE_TESTABILITY = YES;
				FRAMEWORK_SEARCH_PATHS = (
					"$(inherited)",
					"$(PLATFORM_DIR)/Developer/Library/Frameworks",
				);
				HEADER_SEARCH_PATHS = "$(inherited)";
				INFOPLIST_FILE = ReduxVM.xcodeproj/DeclarativeTVC_Info.plist;
				IPHONEOS_DEPLOYMENT_TARGET = 12.0;
				LD_RUNPATH_SEARCH_PATHS = "$(inherited) $(TOOLCHAIN_DIR)/usr/lib/swift/macosx";
				MACOSX_DEPLOYMENT_TARGET = 10.10;
				OTHER_CFLAGS = "$(inherited)";
				OTHER_LDFLAGS = "$(inherited)";
				OTHER_SWIFT_FLAGS = "$(inherited)";
				PRODUCT_BUNDLE_IDENTIFIER = DeclarativeTVC;
				PRODUCT_MODULE_NAME = "$(TARGET_NAME:c99extidentifier)";
				PRODUCT_NAME = "$(TARGET_NAME:c99extidentifier)";
				SKIP_INSTALL = YES;
				SWIFT_ACTIVE_COMPILATION_CONDITIONS = "$(inherited)";
				SWIFT_VERSION = 5.0;
				TARGET_NAME = DeclarativeTVC;
				TVOS_DEPLOYMENT_TARGET = 12.0;
				WATCHOS_DEPLOYMENT_TARGET = 2.0;
			};
			name = Debug;
		};
		OBJ_84 /* Release */ = {
			isa = XCBuildConfiguration;
			buildSettings = {
				ENABLE_TESTABILITY = YES;
				FRAMEWORK_SEARCH_PATHS = (
					"$(inherited)",
					"$(PLATFORM_DIR)/Developer/Library/Frameworks",
				);
				HEADER_SEARCH_PATHS = "$(inherited)";
				INFOPLIST_FILE = ReduxVM.xcodeproj/DeclarativeTVC_Info.plist;
				IPHONEOS_DEPLOYMENT_TARGET = 12.0;
				LD_RUNPATH_SEARCH_PATHS = "$(inherited) $(TOOLCHAIN_DIR)/usr/lib/swift/macosx";
				MACOSX_DEPLOYMENT_TARGET = 10.10;
				OTHER_CFLAGS = "$(inherited)";
				OTHER_LDFLAGS = "$(inherited)";
				OTHER_SWIFT_FLAGS = "$(inherited)";
				PRODUCT_BUNDLE_IDENTIFIER = DeclarativeTVC;
				PRODUCT_MODULE_NAME = "$(TARGET_NAME:c99extidentifier)";
				PRODUCT_NAME = "$(TARGET_NAME:c99extidentifier)";
				SKIP_INSTALL = YES;
				SWIFT_ACTIVE_COMPILATION_CONDITIONS = "$(inherited)";
				SWIFT_VERSION = 5.0;
				TARGET_NAME = DeclarativeTVC;
				TVOS_DEPLOYMENT_TARGET = 12.0;
				WATCHOS_DEPLOYMENT_TARGET = 2.0;
			};
			name = Release;
		};
/* End XCBuildConfiguration section */

/* Begin XCConfigurationList section */
		C32606F425701A24000405B6 /* Build configuration list for PBXNativeTarget "Example" */ = {
			isa = XCConfigurationList;
			buildConfigurations = (
				C32606F225701A24000405B6 /* Debug */,
				C32606F325701A24000405B6 /* Release */,
			);
			defaultConfigurationIsVisible = 0;
			defaultConfigurationName = Release;
		};
		C326071025701A40000405B6 /* Build configuration list for PBXNativeTarget "SwiftUITarget" */ = {
			isa = XCConfigurationList;
			buildConfigurations = (
				C326071125701A40000405B6 /* Debug */,
				C326071225701A40000405B6 /* Release */,
			);
			defaultConfigurationIsVisible = 0;
			defaultConfigurationName = Release;
		};
		OBJ_104 /* Build configuration list for PBXNativeTarget "DeclarativeTVCPackageDescription" */ = {
			isa = XCConfigurationList;
			buildConfigurations = (
				OBJ_105 /* Debug */,
				OBJ_106 /* Release */,
			);
			defaultConfigurationIsVisible = 0;
			defaultConfigurationName = Release;
		};
		OBJ_109 /* Build configuration list for PBXNativeTarget "DifferenceKit" */ = {
			isa = XCConfigurationList;
			buildConfigurations = (
				OBJ_110 /* Debug */,
				OBJ_111 /* Release */,
			);
			defaultConfigurationIsVisible = 0;
			defaultConfigurationName = Release;
		};
		OBJ_127 /* Build configuration list for PBXNativeTarget "DifferenceKitPackageDescription" */ = {
			isa = XCConfigurationList;
			buildConfigurations = (
				OBJ_128 /* Debug */,
				OBJ_129 /* Release */,
			);
			defaultConfigurationIsVisible = 0;
			defaultConfigurationName = Release;
		};
		OBJ_133 /* Build configuration list for PBXNativeTarget "RedSwift" */ = {
			isa = XCConfigurationList;
			buildConfigurations = (
				OBJ_134 /* Debug */,
				OBJ_135 /* Release */,
			);
			defaultConfigurationIsVisible = 0;
			defaultConfigurationName = Release;
		};
		OBJ_150 /* Build configuration list for PBXNativeTarget "RedSwiftPackageDescription" */ = {
			isa = XCConfigurationList;
			buildConfigurations = (
				OBJ_151 /* Debug */,
				OBJ_152 /* Release */,
			);
			defaultConfigurationIsVisible = 0;
			defaultConfigurationName = Release;
		};
		OBJ_156 /* Build configuration list for PBXNativeTarget "ReduxVM" */ = {
			isa = XCConfigurationList;
			buildConfigurations = (
				OBJ_157 /* Debug */,
				OBJ_158 /* Release */,
			);
			defaultConfigurationIsVisible = 0;
			defaultConfigurationName = Release;
		};
		OBJ_174 /* Build configuration list for PBXNativeTarget "ReduxVMPackageDescription" */ = {
			isa = XCConfigurationList;
			buildConfigurations = (
				OBJ_175 /* Debug */,
				OBJ_176 /* Release */,
			);
			defaultConfigurationIsVisible = 0;
			defaultConfigurationName = Release;
		};
		OBJ_180 /* Build configuration list for PBXAggregateTarget "ReduxVMPackageTests" */ = {
			isa = XCConfigurationList;
			buildConfigurations = (
				OBJ_181 /* Debug */,
				OBJ_182 /* Release */,
			);
			defaultConfigurationIsVisible = 0;
			defaultConfigurationName = Release;
		};
		OBJ_185 /* Build configuration list for PBXNativeTarget "ReduxVMTests" */ = {
			isa = XCConfigurationList;
			buildConfigurations = (
				OBJ_186 /* Debug */,
				OBJ_187 /* Release */,
			);
			defaultConfigurationIsVisible = 0;
			defaultConfigurationName = Release;
		};
		OBJ_2 /* Build configuration list for PBXProject "ReduxVM" */ = {
			isa = XCConfigurationList;
			buildConfigurations = (
				OBJ_3 /* Debug */,
				OBJ_4 /* Release */,
			);
			defaultConfigurationIsVisible = 0;
			defaultConfigurationName = Release;
		};
		OBJ_82 /* Build configuration list for PBXNativeTarget "DeclarativeTVC" */ = {
			isa = XCConfigurationList;
			buildConfigurations = (
				OBJ_83 /* Debug */,
				OBJ_84 /* Release */,
			);
			defaultConfigurationIsVisible = 0;
			defaultConfigurationName = Release;
		};
/* End XCConfigurationList section */
	};
	rootObject = OBJ_1 /* Project object */;
}
